
Microsoft Visual Studio Solution File, Format Version 12.00
# Visual Studio Version 16
VisualStudioVersion = 16.0.31515.178
MinimumVisualStudioVersion = 10.0.40219.1
Project("{8BC9CEB8-8B4A-11D0-8D11-00A0C91BC942}") = "CyanApp", "CyanApp\CyanApp.vcxproj", "{B30C1DA2-38D7-401C-81D0-30E83BC146F2}"
EndProject
Project("{8BC9CEB8-8B4A-11D0-8D11-00A0C91BC942}") = "ExternalLib", "ExternalLib\ExternalLib.vcxproj", "{88ADCE31-8BE3-4339-9AE3-6F53AE4AB6F4}"
EndProject
Project("{8BC9CEB8-8B4A-11D0-8D11-00A0C91BC942}") = "CyanLib", "CyanLib\CyanLib.vcxproj", "{F367C7C8-03F6-4861-A69A-9CE43DDA0CF7}"
EndProject
Global
	GlobalSection(SolutionConfigurationPlatforms) = preSolution
		Debug|x64 = Debug|x64
		Debug|x86 = Debug|x86
		Release|x64 = Release|x64
		Release|x86 = Release|x86
	EndGlobalSection
	GlobalSection(ProjectConfigurationPlatforms) = postSolution
		{B30C1DA2-38D7-401C-81D0-30E83BC146F2}.Debug|x64.ActiveCfg = Debug|x64
		{B30C1DA2-38D7-401C-81D0-30E83BC146F2}.Debug|x64.Build.0 = Debug|x64
		{B30C1DA2-38D7-401C-81D0-30E83BC146F2}.Debug|x86.ActiveCfg = Debug|Win32
		{B30C1DA2-38D7-401C-81D0-30E83BC146F2}.Debug|x86.Build.0 = Debug|Win32
		{B30C1DA2-38D7-401C-81D0-30E83BC146F2}.Release|x64.ActiveCfg = Release|x64
		{B30C1DA2-38D7-401C-81D0-30E83BC146F2}.Release|x64.Build.0 = Release|x64
		{B30C1DA2-38D7-401C-81D0-30E83BC146F2}.Release|x86.ActiveCfg = Release|Win32
		{B30C1DA2-38D7-401C-81D0-30E83BC146F2}.Release|x86.Build.0 = Release|Win32
		{88ADCE31-8BE3-4339-9AE3-6F53AE4AB6F4}.Debug|x64.ActiveCfg = Debug|x64
		{88ADCE31-8BE3-4339-9AE3-6F53AE4AB6F4}.Debug|x64.Build.0 = Debug|x64
		{88ADCE31-8BE3-4339-9AE3-6F53AE4AB6F4}.Debug|x86.ActiveCfg = Debug|Win32
		{88ADCE31-8BE3-4339-9AE3-6F53AE4AB6F4}.Debug|x86.Build.0 = Debug|Win32
		{88ADCE31-8BE3-4339-9AE3-6F53AE4AB6F4}.Release|x64.ActiveCfg = Release|x64
		{88ADCE31-8BE3-4339-9AE3-6F53AE4AB6F4}.Release|x64.Build.0 = Release|x64
		{88ADCE31-8BE3-4339-9AE3-6F53AE4AB6F4}.Release|x86.ActiveCfg = Release|Win32
		{88ADCE31-8BE3-4339-9AE3-6F53AE4AB6F4}.Release|x86.Build.0 = Release|Win32
		{F367C7C8-03F6-4861-A69A-9CE43DDA0CF7}.Debug|x64.ActiveCfg = Debug|x64
		{F367C7C8-03F6-4861-A69A-9CE43DDA0CF7}.Debug|x64.Build.0 = Debug|x64
		{F367C7C8-03F6-4861-A69A-9CE43DDA0CF7}.Debug|x86.ActiveCfg = Debug|Win32
		{F367C7C8-03F6-4861-A69A-9CE43DDA0CF7}.Debug|x86.Build.0 = Debug|Win32
		{F367C7C8-03F6-4861-A69A-9CE43DDA0CF7}.Release|x64.ActiveCfg = Release|x64
		{F367C7C8-03F6-4861-A69A-9CE43DDA0CF7}.Release|x64.Build.0 = Release|x64
		{F367C7C8-03F6-4861-A69A-9CE43DDA0CF7}.Release|x86.ActiveCfg = Release|Win32
		{F367C7C8-03F6-4861-A69A-9CE43DDA0CF7}.Release|x86.Build.0 = Release|Win32
	EndGlobalSection
	GlobalSection(SolutionProperties) = preSolution
		HideSolutionNode = FALSE
	EndGlobalSection
	GlobalSection(ExtensibilityGlobals) = postSolution
		SolutionGuid = {F39E4D61-F146-4677-89EF-3C7D2D131BFD}
	EndGlobalSection
EndGlobal
