
Microsoft Visual Studio Solution File, Format Version 12.00
# Visual Studio Version 17
VisualStudioVersion = 17.2.32630.192
MinimumVisualStudioVersion = 10.0.40219.1
Project("{8BC9CEB8-8B4A-11D0-8D11-00A0C91BC942}") = "Modular", "Modular\Modular.vcxproj", "{784A4BFB-42E3-43E6-B897-8E492A676D07}"
EndProject
Project("{8BC9CEB8-8B4A-11D0-8D11-00A0C91BC942}") = "Engine", "Engine\Engine.vcxproj", "{2297EFB7-FD39-4938-9789-380B1BAC432B}"
EndProject
Project("{8BC9CEB8-8B4A-11D0-8D11-00A0C91BC942}") = "GameFramework", "GameFramework\GameFramework.vcxproj", "{0BFA30D3-520D-4455-9451-2FCB7A736922}"
EndProject
Project("{8BC9CEB8-8B4A-11D0-8D11-00A0C91BC942}") = "Core", "Core\Core.vcxproj", "{83F758DF-EAFB-4FCD-BD4F-F10457F04F08}"
EndProject
Project("{8BC9CEB8-8B4A-11D0-8D11-00A0C91BC942}") = "ExternalLib", "ExternalLib\ExternalLib.vcxproj", "{88ADCE31-8BE3-4339-9AE3-6F53AE4AB6F4}"
EndProject
Project("{8BC9CEB8-8B4A-11D0-8D11-00A0C91BC942}") = "CyanLib", "CyanLib\CyanLib.vcxproj", "{F367C7C8-03F6-4861-A69A-9CE43DDA0CF7}"
EndProject
Project("{8BC9CEB8-8B4A-11D0-8D11-00A0C91BC942}") = "App", "App\App.vcxproj", "{3C705FEE-C855-44D6-8EF8-E3D866020DB0}"
EndProject
Project("{8BC9CEB8-8B4A-11D0-8D11-00A0C91BC942}") = "CyanEditor", "CyanEditor\CyanEditor.vcxproj", "{3B449C27-1952-4EE6-BFB2-DC68768ABF39}"
EndProject
Project("{8BC9CEB8-8B4A-11D0-8D11-00A0C91BC942}") = "TexturePacking", "TexturePacking\TexturePacking.vcxproj", "{05329315-45A2-4F34-B4DE-7C2BBED5DD3C}"
EndProject
Project("{8BC9CEB8-8B4A-11D0-8D11-00A0C91BC942}") = "CpuRaytracer", "CpuRaytracer\CpuRaytracer.vcxproj", "{7EC12E01-2E00-4D06-8667-03108DD6DA5D}"
EndProject
Project("{8BC9CEB8-8B4A-11D0-8D11-00A0C91BC942}") = "RasterizedBVH", "RasterizedBVH\RasterizedBVH.vcxproj", "{051020E9-98BD-4EEB-AD48-34EF70A54CD3}"
EndProject
Project("{8BC9CEB8-8B4A-11D0-8D11-00A0C91BC942}") = "ThirdParty", "ThirdParty\ThirdParty.vcxproj", "{6C78AFAA-2C32-41FB-973D-932BF9DBAADF}"
EndProject
Project("{8BC9CEB8-8B4A-11D0-8D11-00A0C91BC942}") = "Gfx", "Gfx\Gfx.vcxproj", "{FE8BF429-0C59-4E6D-AE9C-A12B3505FE22}"
EndProject
Global
	GlobalSection(SolutionConfigurationPlatforms) = preSolution
		Debug|x64 = Debug|x64
		Debug|x86 = Debug|x86
		Release|x64 = Release|x64
		Release|x86 = Release|x86
	EndGlobalSection
	GlobalSection(ProjectConfigurationPlatforms) = postSolution
		{784A4BFB-42E3-43E6-B897-8E492A676D07}.Debug|x64.ActiveCfg = Debug|x64
		{784A4BFB-42E3-43E6-B897-8E492A676D07}.Debug|x64.Build.0 = Debug|x64
		{784A4BFB-42E3-43E6-B897-8E492A676D07}.Debug|x86.ActiveCfg = Debug|Win32
		{784A4BFB-42E3-43E6-B897-8E492A676D07}.Debug|x86.Build.0 = Debug|Win32
		{784A4BFB-42E3-43E6-B897-8E492A676D07}.Release|x64.ActiveCfg = Release|x64
		{784A4BFB-42E3-43E6-B897-8E492A676D07}.Release|x64.Build.0 = Release|x64
		{784A4BFB-42E3-43E6-B897-8E492A676D07}.Release|x86.ActiveCfg = Release|Win32
		{784A4BFB-42E3-43E6-B897-8E492A676D07}.Release|x86.Build.0 = Release|Win32
		{2297EFB7-FD39-4938-9789-380B1BAC432B}.Debug|x64.ActiveCfg = Debug|x64
		{2297EFB7-FD39-4938-9789-380B1BAC432B}.Debug|x64.Build.0 = Debug|x64
		{2297EFB7-FD39-4938-9789-380B1BAC432B}.Debug|x86.ActiveCfg = Debug|Win32
		{2297EFB7-FD39-4938-9789-380B1BAC432B}.Debug|x86.Build.0 = Debug|Win32
		{2297EFB7-FD39-4938-9789-380B1BAC432B}.Release|x64.ActiveCfg = Release|x64
		{2297EFB7-FD39-4938-9789-380B1BAC432B}.Release|x64.Build.0 = Release|x64
		{2297EFB7-FD39-4938-9789-380B1BAC432B}.Release|x86.ActiveCfg = Release|Win32
		{2297EFB7-FD39-4938-9789-380B1BAC432B}.Release|x86.Build.0 = Release|Win32
		{0BFA30D3-520D-4455-9451-2FCB7A736922}.Debug|x64.ActiveCfg = Debug|x64
		{0BFA30D3-520D-4455-9451-2FCB7A736922}.Debug|x64.Build.0 = Debug|x64
		{0BFA30D3-520D-4455-9451-2FCB7A736922}.Debug|x86.ActiveCfg = Debug|Win32
		{0BFA30D3-520D-4455-9451-2FCB7A736922}.Debug|x86.Build.0 = Debug|Win32
		{0BFA30D3-520D-4455-9451-2FCB7A736922}.Release|x64.ActiveCfg = Release|x64
		{0BFA30D3-520D-4455-9451-2FCB7A736922}.Release|x64.Build.0 = Release|x64
		{0BFA30D3-520D-4455-9451-2FCB7A736922}.Release|x86.ActiveCfg = Release|Win32
		{0BFA30D3-520D-4455-9451-2FCB7A736922}.Release|x86.Build.0 = Release|Win32
		{83F758DF-EAFB-4FCD-BD4F-F10457F04F08}.Debug|x64.ActiveCfg = Debug|x64
		{83F758DF-EAFB-4FCD-BD4F-F10457F04F08}.Debug|x64.Build.0 = Debug|x64
		{83F758DF-EAFB-4FCD-BD4F-F10457F04F08}.Debug|x86.ActiveCfg = Debug|Win32
		{83F758DF-EAFB-4FCD-BD4F-F10457F04F08}.Debug|x86.Build.0 = Debug|Win32
		{83F758DF-EAFB-4FCD-BD4F-F10457F04F08}.Release|x64.ActiveCfg = Release|x64
		{83F758DF-EAFB-4FCD-BD4F-F10457F04F08}.Release|x64.Build.0 = Release|x64
		{83F758DF-EAFB-4FCD-BD4F-F10457F04F08}.Release|x86.ActiveCfg = Release|Win32
		{83F758DF-EAFB-4FCD-BD4F-F10457F04F08}.Release|x86.Build.0 = Release|Win32
		{88ADCE31-8BE3-4339-9AE3-6F53AE4AB6F4}.Debug|x64.ActiveCfg = Debug|x64
		{88ADCE31-8BE3-4339-9AE3-6F53AE4AB6F4}.Debug|x64.Build.0 = Debug|x64
		{88ADCE31-8BE3-4339-9AE3-6F53AE4AB6F4}.Debug|x86.ActiveCfg = Debug|Win32
		{88ADCE31-8BE3-4339-9AE3-6F53AE4AB6F4}.Debug|x86.Build.0 = Debug|Win32
		{88ADCE31-8BE3-4339-9AE3-6F53AE4AB6F4}.Release|x64.ActiveCfg = Release|x64
		{88ADCE31-8BE3-4339-9AE3-6F53AE4AB6F4}.Release|x64.Build.0 = Release|x64
		{88ADCE31-8BE3-4339-9AE3-6F53AE4AB6F4}.Release|x86.ActiveCfg = Release|Win32
		{88ADCE31-8BE3-4339-9AE3-6F53AE4AB6F4}.Release|x86.Build.0 = Release|Win32
		{F367C7C8-03F6-4861-A69A-9CE43DDA0CF7}.Debug|x64.ActiveCfg = Debug|x64
		{F367C7C8-03F6-4861-A69A-9CE43DDA0CF7}.Debug|x64.Build.0 = Debug|x64
		{F367C7C8-03F6-4861-A69A-9CE43DDA0CF7}.Debug|x86.ActiveCfg = Debug|Win32
		{F367C7C8-03F6-4861-A69A-9CE43DDA0CF7}.Debug|x86.Build.0 = Debug|Win32
		{F367C7C8-03F6-4861-A69A-9CE43DDA0CF7}.Release|x64.ActiveCfg = Release|x64
		{F367C7C8-03F6-4861-A69A-9CE43DDA0CF7}.Release|x64.Build.0 = Release|x64
		{F367C7C8-03F6-4861-A69A-9CE43DDA0CF7}.Release|x86.ActiveCfg = Release|Win32
		{F367C7C8-03F6-4861-A69A-9CE43DDA0CF7}.Release|x86.Build.0 = Release|Win32
		{3C705FEE-C855-44D6-8EF8-E3D866020DB0}.Debug|x64.ActiveCfg = Debug|x64
		{3C705FEE-C855-44D6-8EF8-E3D866020DB0}.Debug|x64.Build.0 = Debug|x64
		{3C705FEE-C855-44D6-8EF8-E3D866020DB0}.Debug|x86.ActiveCfg = Debug|Win32
		{3C705FEE-C855-44D6-8EF8-E3D866020DB0}.Debug|x86.Build.0 = Debug|Win32
		{3C705FEE-C855-44D6-8EF8-E3D866020DB0}.Release|x64.ActiveCfg = Release|x64
		{3C705FEE-C855-44D6-8EF8-E3D866020DB0}.Release|x64.Build.0 = Release|x64
		{3C705FEE-C855-44D6-8EF8-E3D866020DB0}.Release|x86.ActiveCfg = Release|Win32
		{3C705FEE-C855-44D6-8EF8-E3D866020DB0}.Release|x86.Build.0 = Release|Win32
		{3B449C27-1952-4EE6-BFB2-DC68768ABF39}.Debug|x64.ActiveCfg = Debug|x64
		{3B449C27-1952-4EE6-BFB2-DC68768ABF39}.Debug|x64.Build.0 = Debug|x64
		{3B449C27-1952-4EE6-BFB2-DC68768ABF39}.Debug|x86.ActiveCfg = Debug|Win32
		{3B449C27-1952-4EE6-BFB2-DC68768ABF39}.Debug|x86.Build.0 = Debug|Win32
		{3B449C27-1952-4EE6-BFB2-DC68768ABF39}.Release|x64.ActiveCfg = Release|x64
		{3B449C27-1952-4EE6-BFB2-DC68768ABF39}.Release|x64.Build.0 = Release|x64
		{3B449C27-1952-4EE6-BFB2-DC68768ABF39}.Release|x86.ActiveCfg = Release|Win32
		{3B449C27-1952-4EE6-BFB2-DC68768ABF39}.Release|x86.Build.0 = Release|Win32
		{05329315-45A2-4F34-B4DE-7C2BBED5DD3C}.Debug|x64.ActiveCfg = Debug|x64
		{05329315-45A2-4F34-B4DE-7C2BBED5DD3C}.Debug|x64.Build.0 = Debug|x64
		{05329315-45A2-4F34-B4DE-7C2BBED5DD3C}.Debug|x86.ActiveCfg = Debug|Win32
		{05329315-45A2-4F34-B4DE-7C2BBED5DD3C}.Debug|x86.Build.0 = Debug|Win32
		{05329315-45A2-4F34-B4DE-7C2BBED5DD3C}.Release|x64.ActiveCfg = Release|x64
		{05329315-45A2-4F34-B4DE-7C2BBED5DD3C}.Release|x64.Build.0 = Release|x64
		{05329315-45A2-4F34-B4DE-7C2BBED5DD3C}.Release|x86.ActiveCfg = Release|Win32
		{05329315-45A2-4F34-B4DE-7C2BBED5DD3C}.Release|x86.Build.0 = Release|Win32
		{7EC12E01-2E00-4D06-8667-03108DD6DA5D}.Debug|x64.ActiveCfg = Debug|x64
		{7EC12E01-2E00-4D06-8667-03108DD6DA5D}.Debug|x64.Build.0 = Debug|x64
		{7EC12E01-2E00-4D06-8667-03108DD6DA5D}.Debug|x86.ActiveCfg = Debug|Win32
		{7EC12E01-2E00-4D06-8667-03108DD6DA5D}.Debug|x86.Build.0 = Debug|Win32
		{7EC12E01-2E00-4D06-8667-03108DD6DA5D}.Release|x64.ActiveCfg = Release|x64
		{7EC12E01-2E00-4D06-8667-03108DD6DA5D}.Release|x64.Build.0 = Release|x64
		{7EC12E01-2E00-4D06-8667-03108DD6DA5D}.Release|x86.ActiveCfg = Release|Win32
		{7EC12E01-2E00-4D06-8667-03108DD6DA5D}.Release|x86.Build.0 = Release|Win32
		{051020E9-98BD-4EEB-AD48-34EF70A54CD3}.Debug|x64.ActiveCfg = Debug|x64
		{051020E9-98BD-4EEB-AD48-34EF70A54CD3}.Debug|x64.Build.0 = Debug|x64
		{051020E9-98BD-4EEB-AD48-34EF70A54CD3}.Debug|x86.ActiveCfg = Debug|Win32
		{051020E9-98BD-4EEB-AD48-34EF70A54CD3}.Debug|x86.Build.0 = Debug|Win32
		{051020E9-98BD-4EEB-AD48-34EF70A54CD3}.Release|x64.ActiveCfg = Release|x64
		{051020E9-98BD-4EEB-AD48-34EF70A54CD3}.Release|x64.Build.0 = Release|x64
		{051020E9-98BD-4EEB-AD48-34EF70A54CD3}.Release|x86.ActiveCfg = Release|Win32
		{051020E9-98BD-4EEB-AD48-34EF70A54CD3}.Release|x86.Build.0 = Release|Win32
		{6C78AFAA-2C32-41FB-973D-932BF9DBAADF}.Debug|x64.ActiveCfg = Debug|x64
		{6C78AFAA-2C32-41FB-973D-932BF9DBAADF}.Debug|x64.Build.0 = Debug|x64
		{6C78AFAA-2C32-41FB-973D-932BF9DBAADF}.Debug|x86.ActiveCfg = Debug|Win32
		{6C78AFAA-2C32-41FB-973D-932BF9DBAADF}.Debug|x86.Build.0 = Debug|Win32
		{6C78AFAA-2C32-41FB-973D-932BF9DBAADF}.Release|x64.ActiveCfg = Release|x64
		{6C78AFAA-2C32-41FB-973D-932BF9DBAADF}.Release|x64.Build.0 = Release|x64
		{6C78AFAA-2C32-41FB-973D-932BF9DBAADF}.Release|x86.ActiveCfg = Release|Win32
		{6C78AFAA-2C32-41FB-973D-932BF9DBAADF}.Release|x86.Build.0 = Release|Win32
		{FE8BF429-0C59-4E6D-AE9C-A12B3505FE22}.Debug|x64.ActiveCfg = Debug|x64
		{FE8BF429-0C59-4E6D-AE9C-A12B3505FE22}.Debug|x64.Build.0 = Debug|x64
		{FE8BF429-0C59-4E6D-AE9C-A12B3505FE22}.Debug|x86.ActiveCfg = Debug|Win32
		{FE8BF429-0C59-4E6D-AE9C-A12B3505FE22}.Debug|x86.Build.0 = Debug|Win32
		{FE8BF429-0C59-4E6D-AE9C-A12B3505FE22}.Release|x64.ActiveCfg = Release|x64
		{FE8BF429-0C59-4E6D-AE9C-A12B3505FE22}.Release|x64.Build.0 = Release|x64
		{FE8BF429-0C59-4E6D-AE9C-A12B3505FE22}.Release|x86.ActiveCfg = Release|Win32
		{FE8BF429-0C59-4E6D-AE9C-A12B3505FE22}.Release|x86.Build.0 = Release|Win32
	EndGlobalSection
	GlobalSection(SolutionProperties) = preSolution
		HideSolutionNode = FALSE
	EndGlobalSection
	GlobalSection(ExtensibilityGlobals) = postSolution
		SolutionGuid = {F39E4D61-F146-4677-89EF-3C7D2D131BFD}
	EndGlobalSection
EndGlobal
