<?xml version="1.0" encoding="utf-8"?>
<Project ToolsVersion="4.0" xmlns="http://schemas.microsoft.com/developer/msbuild/2003">
  <ItemGroup>
    <Filter Include="Source Files">
      <UniqueIdentifier>{4FC737F1-C7A5-4376-A066-2A32D752A2FF}</UniqueIdentifier>
      <Extensions>cpp;c;cc;cxx;c++;cppm;ixx;def;odl;idl;hpj;bat;asm;asmx</Extensions>
    </Filter>
    <Filter Include="Header Files">
      <UniqueIdentifier>{93995380-89BD-4b04-88EB-625FBE52EBFB}</UniqueIdentifier>
      <Extensions>h;hh;hpp;hxx;h++;hm;inl;inc;ipp;xsd</Extensions>
    </Filter>
    <Filter Include="Resource Files">
      <UniqueIdentifier>{67DA6AB6-F800-4c08-8B7A-83BB121AAD01}</UniqueIdentifier>
      <Extensions>rc;ico;cur;bmp;dlg;rc2;rct;bin;rgs;gif;jpg;jpeg;jpe;resx;tiff;tif;png;wav;mfcribbon-ms</Extensions>
    </Filter>
    <Filter Include="Shaders">
      <UniqueIdentifier>{076b0f35-28e5-45d0-ba3c-e908fa947e32}</UniqueIdentifier>
    </Filter>
    <Filter Include="Shaders\Shading">
      <UniqueIdentifier>{0d1b30bc-8bcd-41ae-a26b-d4cefbee7168}</UniqueIdentifier>
    </Filter>
    <Filter Include="Shaders\PostProcessing">
      <UniqueIdentifier>{1a1e1d8c-6c60-4991-ada7-081f4435164d}</UniqueIdentifier>
    </Filter>
    <Filter Include="Shaders\PostProcessing\Bloom">
      <UniqueIdentifier>{3271b481-a0c6-4efc-a9e5-96ac9ee3dbdc}</UniqueIdentifier>
    </Filter>
    <Filter Include="Shaders\PostProcessing\TAA">
      <UniqueIdentifier>{561e66a7-5b9d-48e6-b1a9-8fbf19836474}</UniqueIdentifier>
    </Filter>
    <Filter Include="Header Files\RayTracing">
      <UniqueIdentifier>{620f595e-005c-44c3-a194-31e081eb826f}</UniqueIdentifier>
    </Filter>
    <Filter Include="Shaders\RayTracing">
      <UniqueIdentifier>{6326aa54-289e-43cd-b6b1-b0326925ff8f}</UniqueIdentifier>
    </Filter>
    <Filter Include="Shaders\Common">
      <UniqueIdentifier>{9868cac1-e0d1-4672-96e6-e9278e098cfc}</UniqueIdentifier>
    </Filter>
    <Filter Include="Shaders\Shadow">
      <UniqueIdentifier>{e5b2da65-b986-4625-b55a-eb720c7871ea}</UniqueIdentifier>
    </Filter>
    <Filter Include="Shaders\DebugDraw">
      <UniqueIdentifier>{28070b77-2caa-411c-8193-54868e73d1b6}</UniqueIdentifier>
    </Filter>
    <Filter Include="Shaders\ManyViewGI">
      <UniqueIdentifier>{df26b4d4-db6b-4180-8859-e05c35aacd48}</UniqueIdentifier>
    </Filter>
    <Filter Include="Shaders\ManyViewGI\Debug">
      <UniqueIdentifier>{c88e596c-784a-4e1d-973c-1b2eeed574bf}</UniqueIdentifier>
    </Filter>
    <Filter Include="Shaders\ManyViewGI\SurfelSampler">
      <UniqueIdentifier>{12785f97-aa5a-4e62-a4be-68aafa77ce20}</UniqueIdentifier>
    </Filter>
    <Filter Include="Header Files\ManyViewGI">
      <UniqueIdentifier>{7cba3887-81fc-459e-93e7-7d500436a329}</UniqueIdentifier>
    </Filter>
    <Filter Include="Shaders\ManyViewGI\MicroRendering">
      <UniqueIdentifier>{8d5ba569-fd3a-402a-a488-b89d680904e8}</UniqueIdentifier>
    </Filter>
    <Filter Include="Header Files\Lights">
      <UniqueIdentifier>{c63cbec4-416c-472c-bc6a-9f8f31c2ee83}</UniqueIdentifier>
    </Filter>
    <Filter Include="Source Files\InstantRadiosity">
      <UniqueIdentifier>{58e7e6e6-f675-49a2-be83-16408004ae31}</UniqueIdentifier>
    </Filter>
    <Filter Include="Source Files\Lights">
      <UniqueIdentifier>{94aae55b-0862-4d84-9e1a-c2198ca2978c}</UniqueIdentifier>
    </Filter>
    <Filter Include="Source Files\ManyViewGI">
      <UniqueIdentifier>{cbf53f78-8b36-48a5-8236-f125a500739c}</UniqueIdentifier>
    </Filter>
    <Filter Include="Source Files\RayTracing">
      <UniqueIdentifier>{2c5eaadd-1f4a-4d53-bac9-9b413e9acd0f}</UniqueIdentifier>
    </Filter>
    <Filter Include="Source Files\SSRT">
      <UniqueIdentifier>{7f06b084-7c84-4f75-88ec-5e5f1d52e71b}</UniqueIdentifier>
    </Filter>
    <Filter Include="Header Files\Asset">
      <UniqueIdentifier>{2f1d857a-dc73-4ce0-9c9d-f47d02235494}</UniqueIdentifier>
    </Filter>
    <Filter Include="Source Files\Asset">
      <UniqueIdentifier>{4448d2f2-40e8-4902-959f-272739554284}</UniqueIdentifier>
    </Filter>
    <Filter Include="Header Files\Rendering">
      <UniqueIdentifier>{18bb4a07-936a-49d5-9a89-65830a072b99}</UniqueIdentifier>
    </Filter>
    <Filter Include="Header Files\GfxAPI">
      <UniqueIdentifier>{e71251dc-dcad-4835-8bdf-9ec5d2b34b7b}</UniqueIdentifier>
    </Filter>
  </ItemGroup>
  <ItemGroup>
    <ClInclude Include="include\Allocator.h">
      <Filter>Header Files</Filter>
    </ClInclude>
    <ClInclude Include="include\Common.h">
      <Filter>Header Files</Filter>
    </ClInclude>
    <ClInclude Include="include\CyanAPI.h">
      <Filter>Header Files</Filter>
    </ClInclude>
    <ClInclude Include="include\CyanApp.h">
      <Filter>Header Files</Filter>
    </ClInclude>
    <ClInclude Include="include\CyanEngine.h">
      <Filter>Header Files</Filter>
    </ClInclude>
    <ClInclude Include="include\Entity.h">
      <Filter>Header Files</Filter>
    </ClInclude>
    <ClInclude Include="include\LightProbe.h">
      <Filter>Header Files</Filter>
    </ClInclude>
    <ClInclude Include="include\MathUtils.h">
      <Filter>Header Files</Filter>
    </ClInclude>
    <ClInclude Include="include\Node.h">
      <Filter>Header Files</Filter>
    </ClInclude>
    <ClInclude Include="include\Scene.h">
      <Filter>Header Files</Filter>
    </ClInclude>
    <ClInclude Include="include\SceneComponent.h">
      <Filter>Header Files</Filter>
    </ClInclude>
    <ClInclude Include="include\Shader.h">
      <Filter>Header Files</Filter>
    </ClInclude>
    <ClInclude Include="include\Transform.h">
      <Filter>Header Files</Filter>
    </ClInclude>
    <ClInclude Include="include\Utils.h">
      <Filter>Header Files</Filter>
    </ClInclude>
    <ClInclude Include="include\Window.h">
      <Filter>Header Files</Filter>
    </ClInclude>
    <ClInclude Include="include\VoxelConeTracing.h">
      <Filter>Header Files</Filter>
    </ClInclude>
    <ClInclude Include="include\IOSystem.h">
      <Filter>Header Files</Filter>
    </ClInclude>
    <ClInclude Include="include\System.h">
      <Filter>Header Files</Filter>
    </ClInclude>
    <ClInclude Include="include\Event.h">
      <Filter>Header Files</Filter>
    </ClInclude>
    <ClInclude Include="include\CyanCore.h">
      <Filter>Header Files</Filter>
    </ClInclude>
    <ClInclude Include="include\Component.h">
      <Filter>Header Files</Filter>
    </ClInclude>
    <ClInclude Include="include\StaticMeshEntity.h">
      <Filter>Header Files</Filter>
    </ClInclude>
    <ClInclude Include="include\Texture.h">
      <Filter>Header Files</Filter>
    </ClInclude>
    <ClInclude Include="include\camera.h">
      <Filter>Header Files</Filter>
    </ClInclude>
    <ClInclude Include="include\GpuLights.h">
      <Filter>Header Files\Lights</Filter>
    </ClInclude>
    <ClInclude Include="include\Lights.h">
      <Filter>Header Files\Lights</Filter>
    </ClInclude>
    <ClInclude Include="include\LightComponents.h">
      <Filter>Header Files\Lights</Filter>
    </ClInclude>
    <ClInclude Include="include\LightEntities.h">
      <Filter>Header Files\Lights</Filter>
    </ClInclude>
    <ClInclude Include="include\gltf.h">
      <Filter>Header Files</Filter>
    </ClInclude>
    <ClInclude Include="include\TextureAtlas.h">
      <Filter>Header Files</Filter>
    </ClInclude>
    <ClInclude Include="include\Singleton.h">
      <Filter>Header Files</Filter>
    </ClInclude>
    <ClInclude Include="include\Asset.h">
      <Filter>Header Files\Asset</Filter>
    </ClInclude>
    <ClInclude Include="include\AssetManager.h">
      <Filter>Header Files\Asset</Filter>
    </ClInclude>
    <ClInclude Include="include\ExternalAssetFile.h">
      <Filter>Header Files\Asset</Filter>
    </ClInclude>
    <ClInclude Include="include\AssetImporter.h">
      <Filter>Header Files\Asset</Filter>
    </ClInclude>
    <ClInclude Include="include\RenderTexture.h">
      <Filter>Header Files\Rendering</Filter>
    </ClInclude>
    <ClInclude Include="include\CyanRenderer.h">
      <Filter>Header Files\Rendering</Filter>
    </ClInclude>
    <ClInclude Include="include\GraphicsSystem.h">
      <Filter>Header Files\Rendering</Filter>
    </ClInclude>
    <ClInclude Include="include\RenderableScene.h">
      <Filter>Header Files\Rendering</Filter>
    </ClInclude>
    <ClInclude Include="include\Shadow.h">
      <Filter>Header Files\Rendering</Filter>
    </ClInclude>
    <ClInclude Include="include\SkyBox.h">
      <Filter>Header Files\Rendering</Filter>
    </ClInclude>
    <ClInclude Include="include\Image.h">
      <Filter>Header Files\Asset</Filter>
    </ClInclude>
    <ClInclude Include="include\Geometry.h">
      <Filter>Header Files\Asset</Filter>
    </ClInclude>
    <ClInclude Include="include\Mesh.h">
      <Filter>Header Files\Asset</Filter>
    </ClInclude>
    <ClInclude Include="include\Material.h">
      <Filter>Header Files\Asset</Filter>
    </ClInclude>
    <ClInclude Include="include\VertexBuffer.h">
      <Filter>Header Files\GfxAPI</Filter>
    </ClInclude>
    <ClInclude Include="include\VertexArray.h">
      <Filter>Header Files\GfxAPI</Filter>
    </ClInclude>
    <ClInclude Include="include\ShaderStorageBuffer.h">
      <Filter>Header Files\GfxAPI</Filter>
    </ClInclude>
    <ClInclude Include="include\GfxContext.h">
      <Filter>Header Files\GfxAPI</Filter>
    </ClInclude>
    <ClInclude Include="include\IndexBuffer.h">
      <Filter>Header Files\GfxAPI</Filter>
    </ClInclude>
    <ClInclude Include="include\SSGI.h">
      <Filter>Header Files\Rendering</Filter>
    </ClInclude>
    <ClInclude Include="include\Framebuffer.h">
      <Filter>Header Files</Filter>
    </ClInclude>
    <ClInclude Include="include\RenderPass.h">
      <Filter>Header Files</Filter>
    </ClInclude>
    <ClInclude Include="include\GfxTexture.h">
      <Filter>Header Files</Filter>
    </ClInclude>
    <ClInclude Include="include\ScreenSpaceRayTracing.h">
      <Filter>Source Files\SSRT</Filter>
    </ClInclude>
  </ItemGroup>
  <ItemGroup>
    <ClCompile Include="src\LightEntities.cpp">
      <Filter>Source Files\Lights</Filter>
    </ClCompile>
    <ClCompile Include="src\LightComponents.cpp">
      <Filter>Source Files\Lights</Filter>
    </ClCompile>
    <ClCompile Include="src\Lights.cpp">
      <Filter>Source Files\Lights</Filter>
    </ClCompile>
    <ClCompile Include="src\ScreenSpaceRayTracing.cpp">
      <Filter>Source Files\SSRT</Filter>
    </ClCompile>
    <ClCompile Include="src\Camera.cpp">
      <Filter>Source Files</Filter>
    </ClCompile>
    <ClCompile Include="src\Component.cpp">
      <Filter>Source Files</Filter>
    </ClCompile>
    <ClCompile Include="src\CyanAPI.cpp">
      <Filter>Source Files</Filter>
    </ClCompile>
    <ClCompile Include="src\CyanApp.cpp">
      <Filter>Source Files</Filter>
    </ClCompile>
    <ClCompile Include="src\CyanEngine.cpp">
      <Filter>Source Files</Filter>
    </ClCompile>
    <ClCompile Include="src\CyanRenderer.cpp">
      <Filter>Source Files</Filter>
    </ClCompile>
    <ClCompile Include="src\Entity.cpp">
      <Filter>Source Files</Filter>
    </ClCompile>
    <ClCompile Include="src\EntryPoint.cpp">
      <Filter>Source Files</Filter>
    </ClCompile>
    <ClCompile Include="src\Geometry.cpp">
      <Filter>Source Files</Filter>
    </ClCompile>
    <ClCompile Include="src\GfxContext.cpp">
      <Filter>Source Files</Filter>
    </ClCompile>
    <ClCompile Include="src\GraphicsSystem.cpp">
      <Filter>Source Files</Filter>
    </ClCompile>
    <ClCompile Include="src\IOSystem.cpp">
      <Filter>Source Files</Filter>
    </ClCompile>
    <ClCompile Include="src\LightProbe.cpp">
      <Filter>Source Files</Filter>
    </ClCompile>
    <ClCompile Include="src\Material.cpp">
      <Filter>Source Files</Filter>
    </ClCompile>
    <ClCompile Include="src\MathUtils.cpp">
      <Filter>Source Files</Filter>
    </ClCompile>
    <ClCompile Include="src\Mesh.cpp">
      <Filter>Source Files</Filter>
    </ClCompile>
    <ClCompile Include="src\RenderableScene.cpp">
      <Filter>Source Files</Filter>
    </ClCompile>
    <ClCompile Include="src\Scene.cpp">
      <Filter>Source Files</Filter>
    </ClCompile>
    <ClCompile Include="src\SceneComponent.cpp">
      <Filter>Source Files</Filter>
    </ClCompile>
    <ClCompile Include="src\Shader.cpp">
      <Filter>Source Files</Filter>
    </ClCompile>
    <ClCompile Include="src\Shadow.cpp">
      <Filter>Source Files</Filter>
    </ClCompile>
    <ClCompile Include="src\SkyBox.cpp">
      <Filter>Source Files</Filter>
    </ClCompile>
    <ClCompile Include="src\StaticMeshEntity.cpp">
      <Filter>Source Files</Filter>
    </ClCompile>
    <ClCompile Include="src\Texture.cpp">
      <Filter>Source Files</Filter>
    </ClCompile>
    <ClCompile Include="src\todos.cpp">
      <Filter>Source Files</Filter>
    </ClCompile>
    <ClCompile Include="src\Utils.cpp">
      <Filter>Source Files</Filter>
    </ClCompile>
    <ClCompile Include="src\VertexArray.cpp">
      <Filter>Source Files</Filter>
    </ClCompile>
    <ClCompile Include="src\VertexBuffer.cpp">
      <Filter>Source Files</Filter>
    </ClCompile>
    <ClCompile Include="src\VoxelConeTracing.cpp">
      <Filter>Source Files</Filter>
    </ClCompile>
    <ClCompile Include="src\Window.cpp">
      <Filter>Source Files</Filter>
    </ClCompile>
    <ClCompile Include="src\gltf.cpp">
      <Filter>Source Files</Filter>
    </ClCompile>
    <ClCompile Include="src\TextureAtlas.cpp">
      <Filter>Source Files</Filter>
    </ClCompile>
    <ClCompile Include="src\Image.cpp">
      <Filter>Source Files</Filter>
    </ClCompile>
    <ClCompile Include="src\IndexBuffer.cpp">
      <Filter>Source Files</Filter>
    </ClCompile>
    <ClCompile Include="src\AssetManager.cpp">
      <Filter>Source Files\Asset</Filter>
    </ClCompile>
    <ClCompile Include="src\AssetImporter.cpp">
      <Filter>Source Files\Asset</Filter>
    </ClCompile>
    <ClCompile Include="src\SSGI.cpp">
      <Filter>Source Files</Filter>
    </ClCompile>
    <ClCompile Include="src\Framebuffer.cpp">
      <Filter>Source Files</Filter>
    </ClCompile>
    <ClCompile Include="src\RenderTexture.cpp">
      <Filter>Source Files</Filter>
    </ClCompile>
    <ClCompile Include="src\RenderPass.cpp">
      <Filter>Source Files</Filter>
    </ClCompile>
    <ClCompile Include="src\GfxTexture.cpp">
      <Filter>Source Files</Filter>
    </ClCompile>
    <ClCompile Include="src\ShaderStorageBuffer.cpp">
      <Filter>Source Files</Filter>
    </ClCompile>
  </ItemGroup>
  <ItemGroup>
    <None Include="..\shader\shader_ao.fs">
      <Filter>Shaders</Filter>
    </None>
    <None Include="..\shader\shader_ao.vs">
      <Filter>Shaders</Filter>
    </None>
    <None Include="..\shader\shader_blinn_phong.fs">
      <Filter>Shaders</Filter>
    </None>
    <None Include="..\shader\shader_blinn_phong.vs">
      <Filter>Shaders</Filter>
    </None>
    <None Include="..\shader\convolve_diffuse_p.glsl">
      <Filter>Shaders</Filter>
    </None>
    <None Include="..\shader\convolve_diffuse_v.glsl">
      <Filter>Shaders</Filter>
    </None>
    <None Include="..\shader\skybox_p.glsl">
      <Filter>Shaders</Filter>
    </None>
    <None Include="..\shader\skybox_v.glsl">
      <Filter>Shaders</Filter>
    </None>
    <None Include="..\shader\shader_flat_color.fs">
      <Filter>Shaders</Filter>
    </None>
    <None Include="..\shader\shader_flat_color.vs">
      <Filter>Shaders</Filter>
    </None>
    <None Include="..\shader\render_to_cubemap_p.glsl">
      <Filter>Shaders</Filter>
    </None>
    <None Include="..\shader\render_to_cubemap_v.glsl">
      <Filter>Shaders</Filter>
    </None>
    <None Include="..\shader\shader_grid_texture.fs">
      <Filter>Shaders</Filter>
    </None>
    <None Include="..\shader\shader_grid_texture.vs">
      <Filter>Shaders</Filter>
    </None>
    <None Include="..\shader\integrate_BRDF_p.glsl">
      <Filter>Shaders</Filter>
    </None>
    <None Include="..\shader\integrate_BRDF_v.glsl">
      <Filter>Shaders</Filter>
    </None>
    <None Include="..\shader\shader_light.fs">
      <Filter>Shaders</Filter>
    </None>
    <None Include="..\shader\shader_light.vs">
      <Filter>Shaders</Filter>
    </None>
    <None Include="..\shader\shader_lightmap.fs">
      <Filter>Shaders</Filter>
    </None>
    <None Include="..\shader\shader_lightmap.vs">
      <Filter>Shaders</Filter>
    </None>
    <None Include="..\shader\shader_line.fs">
      <Filter>Shaders</Filter>
    </None>
    <None Include="..\shader\shader_line.vs">
      <Filter>Shaders</Filter>
    </None>
    <None Include="..\shader\shader_line2d.fs">
      <Filter>Shaders</Filter>
    </None>
    <None Include="..\shader\shader_line2d.vs">
      <Filter>Shaders</Filter>
    </None>
    <None Include="..\shader\shader_lumin_histogram_c.glsl">
      <Filter>Shaders</Filter>
    </None>
    <None Include="..\shader\oct_mapping_p.glsl">
      <Filter>Shaders</Filter>
    </None>
    <None Include="..\shader\oct_mapping_v.glsl">
      <Filter>Shaders</Filter>
    </None>
    <None Include="..\shader\convolve_specular_p.glsl">
      <Filter>Shaders</Filter>
    </None>
    <None Include="..\shader\convolve_specular_v.glsl">
      <Filter>Shaders</Filter>
    </None>
    <None Include="..\shader\shader_quad.fs">
      <Filter>Shaders</Filter>
    </None>
    <None Include="..\shader\shader_quad.vs">
      <Filter>Shaders</Filter>
    </None>
    <None Include="..\shader\shader_ray_tracing.fs">
      <Filter>Shaders</Filter>
    </None>
    <None Include="..\shader\shader_ray_tracing.vs">
      <Filter>Shaders</Filter>
    </None>
    <None Include="..\shader\shader_render_probe.fs">
      <Filter>Shaders</Filter>
    </None>
    <None Include="..\shader\shader_render_probe.vs">
      <Filter>Shaders</Filter>
    </None>
    <None Include="..\shader\shader_render_voxel.fs">
      <Filter>Shaders</Filter>
    </None>
    <None Include="..\shader\shader_render_voxel.vs">
      <Filter>Shaders</Filter>
    </None>
    <None Include="..\shader\sky_sdf_p.glsl">
      <Filter>Shaders</Filter>
    </None>
    <None Include="..\shader\sky_sdf_v.glsl">
      <Filter>Shaders</Filter>
    </None>
    <None Include="..\shader\shader_test.glsl">
      <Filter>Shaders</Filter>
    </None>
    <None Include="..\shader\voxelize_g.glsl">
      <Filter>Shaders</Filter>
    </None>
    <None Include="..\shader\voxelize_v.glsl">
      <Filter>Shaders</Filter>
    </None>
    <None Include="..\shader\sky_irradiance_c.glsl">
      <Filter>Shaders</Filter>
    </None>
    <None Include="..\shader\debug_color_fs.glsl">
      <Filter>Shaders</Filter>
    </None>
    <None Include="..\shader\debug_color_vs.glsl">
      <Filter>Shaders</Filter>
    </None>
    <None Include="..\shader\voxelize_p.glsl">
      <Filter>Shaders</Filter>
    </None>
    <None Include="..\shader\voxel_vis_v.glsl">
      <Filter>Shaders</Filter>
    </None>
    <None Include="..\shader\voxel_vis_g.glsl">
      <Filter>Shaders</Filter>
    </None>
    <None Include="..\shader\voxel_vis_p.glsl">
      <Filter>Shaders</Filter>
    </None>
    <None Include="..\shader\cone_vis_g.glsl">
      <Filter>Shaders</Filter>
    </None>
    <None Include="..\shader\cone_vis_p.glsl">
      <Filter>Shaders</Filter>
    </None>
    <None Include="..\shader\cone_vis_v.glsl">
      <Filter>Shaders</Filter>
    </None>
    <None Include="..\shader\cone_vis_c.glsl">
      <Filter>Shaders</Filter>
    </None>
    <None Include="..\shader\vctx_filter_c.glsl">
      <Filter>Shaders</Filter>
    </None>
    <None Include="..\shader\vctx_p.glsl">
      <Filter>Shaders</Filter>
    </None>
    <None Include="..\shader\vctx_v.glsl">
      <Filter>Shaders</Filter>
    </None>
    <None Include="..\shader\voxelize_resolve_c.glsl">
      <Filter>Shaders</Filter>
    </None>
    <None Include="..\shader\scene_buffers.glsl">
      <Filter>Shaders\Common</Filter>
    </None>
    <None Include="..\shader\lights.glsl">
      <Filter>Shaders\Common</Filter>
    </None>
    <None Include="..\shader\material.glsl">
      <Filter>Shaders\Common</Filter>
    </None>
    <None Include="..\shader\shading_model.glsl">
      <Filter>Shaders\Common</Filter>
    </None>
    <None Include="..\shader\test_pbs_v.glsl">
      <Filter>Shaders</Filter>
    </None>
    <None Include="..\shader\test_pbs_p.glsl">
      <Filter>Shaders</Filter>
    </None>
    <None Include="..\shader\bloom_upscale_v.glsl">
      <Filter>Shaders\PostProcessing\Bloom</Filter>
    </None>
    <None Include="..\shader\bloom_upscale_p.glsl">
      <Filter>Shaders\PostProcessing\Bloom</Filter>
    </None>
    <None Include="..\shader\bloom_downsample_v.glsl">
      <Filter>Shaders\PostProcessing\Bloom</Filter>
    </None>
    <None Include="..\shader\bloom_setup_p.glsl">
      <Filter>Shaders\PostProcessing\Bloom</Filter>
    </None>
    <None Include="..\shader\bloom_setup_v.glsl">
      <Filter>Shaders\PostProcessing\Bloom</Filter>
    </None>
    <None Include="..\shader\bloom_downsample_p.glsl">
      <Filter>Shaders\PostProcessing\Bloom</Filter>
    </None>
    <None Include="..\shader\pbs_v.glsl">
      <Filter>Shaders\Shading</Filter>
    </None>
    <None Include="..\shader\pbs_p.glsl">
      <Filter>Shaders\Shading</Filter>
    </None>
    <None Include="..\shader\blit_p.glsl">
      <Filter>Shaders\PostProcessing</Filter>
    </None>
    <None Include="..\shader\blit_v.glsl">
      <Filter>Shaders\PostProcessing</Filter>
    </None>
    <None Include="..\shader\composite_p.glsl">
      <Filter>Shaders\PostProcessing</Filter>
    </None>
    <None Include="..\shader\composite_v.glsl">
      <Filter>Shaders\PostProcessing</Filter>
    </None>
    <None Include="..\shader\scene_depth_normal_p.glsl">
      <Filter>Shaders\Shading</Filter>
    </None>
    <None Include="..\shader\depth_only_p.glsl">
      <Filter>Shaders\Shading</Filter>
    </None>
    <None Include="..\shader\gaussian_blur_v.glsl">
      <Filter>Shaders\PostProcessing</Filter>
    </None>
    <None Include="..\shader\gaussian_blur_p.glsl">
      <Filter>Shaders\PostProcessing</Filter>
    </None>
    <None Include="..\shader\taa_p.glsl">
      <Filter>Shaders\PostProcessing\TAA</Filter>
    </None>
    <None Include="..\shader\taa_v.glsl">
      <Filter>Shaders\PostProcessing\TAA</Filter>
    </None>
    <None Include="..\shader\raytracing_v.glsl">
      <Filter>Shaders\RayTracing</Filter>
    </None>
    <None Include="..\shader\raytracing_p.glsl">
      <Filter>Shaders\RayTracing</Filter>
    </None>
    <None Include="..\shader\scene_pass_v.glsl">
      <Filter>Shaders\Shading</Filter>
    </None>
    <None Include="..\shader\scene_pass_p.glsl">
      <Filter>Shaders\Shading</Filter>
    </None>
    <None Include="..\shader\screenspace_raytracing_v.glsl">
      <Filter>Shaders\RayTracing</Filter>
    </None>
    <None Include="..\shader\screenspace_raytracing_p.glsl">
      <Filter>Shaders\RayTracing</Filter>
    </None>
    <None Include="..\shader\generate_vpl_p.glsl">
      <Filter>Shaders\Shading</Filter>
    </None>
    <None Include="..\shader\generate_vpl_v.glsl">
      <Filter>Shaders\Shading</Filter>
    </None>
    <None Include="..\shader\point_shadow_v.glsl">
      <Filter>Shaders\Shadow</Filter>
    </None>
    <None Include="..\shader\point_shadow_p.glsl">
      <Filter>Shaders\Shadow</Filter>
    </None>
    <None Include="..\shader\instant_radiosity_v.glsl">
      <Filter>Shaders</Filter>
    </None>
    <None Include="..\shader\instant_radiosity_p.glsl">
      <Filter>Shaders</Filter>
    </None>
    <None Include="..\shader\point_vsm_shadow_p.glsl">
      <Filter>Shaders\Shadow</Filter>
    </None>
    <None Include="..\shader\debug_draw_p.glsl">
      <Filter>Shaders\DebugDraw</Filter>
    </None>
    <None Include="..\shader\debug_draw_v.glsl">
      <Filter>Shaders\DebugDraw</Filter>
    </None>
    <None Include="..\shader\debug_draw_line_worldspace_v.glsl">
      <Filter>Shaders\DebugDraw</Filter>
    </None>
    <None Include="..\shader\debug_draw_line_worldspace_p.glsl">
      <Filter>Shaders\DebugDraw</Filter>
    </None>
    <None Include="..\shader\manyview_gi_final_gather_v.glsl">
      <Filter>Shaders\ManyViewGI</Filter>
    </None>
    <None Include="..\shader\manyview_gi_final_gather_p.glsl">
      <Filter>Shaders\ManyViewGI</Filter>
    </None>
    <None Include="..\shader\raster_gi_convolve_irradiance_c.glsl">
      <Filter>Shaders\ManyViewGI</Filter>
    </None>
    <None Include="..\shader\generate_hemicube_p.glsl">
      <Filter>Shaders\ManyViewGI</Filter>
    </None>
    <None Include="..\shader\debug_draw_immediate_v.glsl">
      <Filter>Shaders\DebugDraw</Filter>
    </None>
    <None Include="..\shader\debug_draw_immediate_p.glsl">
      <Filter>Shaders\DebugDraw</Filter>
    </None>
    <None Include="..\shader\raster_gi_final_gather_multiview_v.glsl">
      <Filter>Shaders\ManyViewGI</Filter>
    </None>
    <None Include="..\shader\raster_gi_final_gather_multiview_g.glsl">
      <Filter>Shaders\ManyViewGI</Filter>
    </None>
    <None Include="..\shader\raster_gi_final_gather_multiview_p.glsl">
      <Filter>Shaders\ManyViewGI</Filter>
    </None>
    <None Include="..\shader\debug_draw_cubemap_v.glsl">
      <Filter>Shaders\DebugDraw</Filter>
    </None>
    <None Include="..\shader\debug_draw_cubemap_p.glsl">
      <Filter>Shaders\DebugDraw</Filter>
    </None>
    <None Include="..\shader\resample_radiance_multiview_c.glsl">
      <Filter>Shaders\ManyViewGI</Filter>
    </None>
    <None Include="..\shader\debug_draw_radiance_cube_p.glsl">
      <Filter>Shaders\ManyViewGI\Debug</Filter>
    </None>
    <None Include="..\shader\debug_draw_radiance_cube_v.glsl">
      <Filter>Shaders\ManyViewGI\Debug</Filter>
    </None>
    <None Include="..\shader\debug_validate_hemicube_multiview_p.glsl">
      <Filter>Shaders\ManyViewGI\Debug</Filter>
    </None>
    <None Include="..\shader\debug_show_hemicubes_v.glsl">
      <Filter>Shaders\ManyViewGI\Debug</Filter>
    </None>
    <None Include="..\shader\debug_show_hemicubes_p.glsl">
      <Filter>Shaders\ManyViewGI\Debug</Filter>
    </None>
    <None Include="..\shader\manyview_gi_convolve_irradiance_c.glsl">
      <Filter>Shaders\ManyViewGI</Filter>
    </None>
    <None Include="..\shader\debug_copy_p.glsl">
      <Filter>Shaders\ManyViewGI\Debug</Filter>
    </None>
    <None Include="..\shader\visualize_irradiance_v.glsl">
      <Filter>Shaders\ManyViewGI\Debug</Filter>
    </None>
    <None Include="..\shader\visualize_irradiance_p.glsl">
      <Filter>Shaders\ManyViewGI\Debug</Filter>
    </None>
    <None Include="..\shader\visualize_surfel_v.glsl">
      <Filter>Shaders\ManyViewGI\Debug</Filter>
    </None>
    <None Include="..\shader\visualize_surfel_p.glsl">
      <Filter>Shaders\ManyViewGI\Debug</Filter>
    </None>
    <None Include="..\shader\rasterize_surfels_v.glsl">
      <Filter>Shaders\ManyViewGI</Filter>
    </None>
    <None Include="..\shader\rasterize_surfels_p.glsl">
      <Filter>Shaders\ManyViewGI</Filter>
    </None>
    <None Include="..\shader\surfel_direct_lighting_c.glsl">
      <Filter>Shaders\ManyViewGI</Filter>
    </None>
    <None Include="..\shader\visualize_surfel_tree_v.glsl">
      <Filter>Shaders\ManyViewGI\Debug</Filter>
    </None>
    <None Include="..\shader\visualize_surfel_tree_p.glsl">
      <Filter>Shaders\ManyViewGI\Debug</Filter>
    </None>
    <None Include="..\shader\debug_draw_sample_points_v.glsl">
      <Filter>Shaders\ManyViewGI\SurfelSampler</Filter>
    </None>
    <None Include="..\shader\debug_draw_sample_points_p.glsl">
      <Filter>Shaders\ManyViewGI\SurfelSampler</Filter>
    </None>
    <None Include="..\shader\debug_draw_grid_v.glsl">
      <Filter>Shaders\ManyViewGI\SurfelSampler</Filter>
    </None>
    <None Include="..\shader\debug_draw_grid_p.glsl">
      <Filter>Shaders\ManyViewGI\SurfelSampler</Filter>
    </None>
    <None Include="..\shader\micro_rendering_c.glsl">
      <Filter>Shaders\ManyViewGI\MicroRendering</Filter>
    </None>
    <None Include="..\shader\visualize_micro_buffer_v.glsl">
      <Filter>Shaders\ManyViewGI\MicroRendering</Filter>
    </None>
    <None Include="..\shader\visualize_micro_buffer_p.glsl">
      <Filter>Shaders\ManyViewGI\MicroRendering</Filter>
    </None>
    <None Include="..\shader\manyview_gi_oct_radiance_c.glsl">
      <Filter>Shaders\ManyViewGI</Filter>
    </None>
    <None Include="..\shader\lighting.glsl">
      <Filter>Shaders\Common</Filter>
    </None>
    <None Include="..\shader\downsample_v.glsl">
      <Filter>Shaders\PostProcessing</Filter>
    </None>
    <None Include="..\shader\downsample_p.glsl">
      <Filter>Shaders\PostProcessing</Filter>
    </None>
    <None Include="..\shader\upscale_p.glsl">
      <Filter>Shaders\PostProcessing</Filter>
    </None>
    <None Include="..\shader\upscale_v.glsl">
      <Filter>Shaders\PostProcessing</Filter>
    </None>
    <None Include="..\shader\mvgi_gbuffer_p.glsl">
      <Filter>Shaders\ManyViewGI</Filter>
    </None>
    <None Include="..\shader\mvgi_direct_lighting.glsl">
      <Filter>Shaders\ManyViewGI</Filter>
    </None>
    <None Include="..\shader\mvgi_compose_lighting.glsl">
      <Filter>Shaders\ManyViewGI</Filter>
    </None>
    <None Include="..\shader\mvgi_indirect_lighting.glsl">
      <Filter>Shaders\ManyViewGI</Filter>
    </None>
    <None Include="..\shader\build_hi_z_p.glsl">
      <Filter>Shaders</Filter>
    </None>
    <None Include="..\shader\hi_z_copy_p.glsl">
      <Filter>Shaders\RayTracing</Filter>
    </None>
    <None Include="..\shader\debug_draw_point_v.glsl">
      <Filter>Shaders\DebugDraw</Filter>
    </None>
    <None Include="..\shader\ssrt_ray_debug_c.glsl">
      <Filter>Shaders\RayTracing</Filter>
    </None>
    <None Include="..\shader\debug_draw_line_screenspace_v.glsl">
      <Filter>Shaders\DebugDraw</Filter>
    </None>
    <None Include="..\shader\scene_gbuffer_p.glsl">
      <Filter>Shaders\Shading</Filter>
    </None>
    <None Include="..\shader\scene_direct_lighting_p.glsl">
      <Filter>Shaders\Shading</Filter>
    </None>
    <None Include="..\shader\scene_indirect_lighting_p.glsl">
      <Filter>Shaders\Shading</Filter>
    </None>
    <None Include="..\shader\scene_lighting_p.glsl">
      <Filter>Shaders\Shading</Filter>
    </None>
    <None Include="..\shader\scene_depth_prepass_p.glsl">
      <Filter>Shaders\Shading</Filter>
    </None>
    <None Include="..\shader\ssgi_debug_mirror_p.glsl">
      <Filter>Shaders\RayTracing</Filter>
    </None>
    <None Include="..\shader\ssgi_resolve_p.glsl">
      <Filter>Shaders\RayTracing</Filter>
    </None>
    <None Include="..\shader\ssgi_tracing_p.glsl">
      <Filter>Shaders\RayTracing</Filter>
    </None>
    <None Include="..\shader\scene_gbuffer_texture_atlas_p.glsl">
      <Filter>Shaders\Shading</Filter>
    </None>
    <None Include="..\shader\colored_quad_p.glsl">
      <Filter>Shaders</Filter>
    </None>
    <None Include="..\shader\scene_depth_only_v.glsl">
      <Filter>Shaders\Shading</Filter>
    </None>
    <None Include="..\shader\scene_gbuffer_pass_non_bindless_v.glsl">
      <Filter>Shaders\Shading</Filter>
    </None>
    <None Include="..\shader\scene_gbuffer_pass_non_bindless_p.glsl">
      <Filter>Shaders\Shading</Filter>
    </None>
    <None Include="..\shader\ssgi_ao_p.glsl">
      <Filter>Shaders\RayTracing</Filter>
    </None>
  </ItemGroup>
</Project>