<?xml version="1.0" encoding="utf-8"?>
<Project ToolsVersion="4.0" xmlns="http://schemas.microsoft.com/developer/msbuild/2003">
  <ItemGroup>
    <Filter Include="Source Files">
      <UniqueIdentifier>{4FC737F1-C7A5-4376-A066-2A32D752A2FF}</UniqueIdentifier>
      <Extensions>cpp;c;cc;cxx;c++;cppm;ixx;def;odl;idl;hpj;bat;asm;asmx</Extensions>
    </Filter>
    <Filter Include="Header Files">
      <UniqueIdentifier>{93995380-89BD-4b04-88EB-625FBE52EBFB}</UniqueIdentifier>
      <Extensions>h;hh;hpp;hxx;h++;hm;inl;inc;ipp;xsd</Extensions>
    </Filter>
    <Filter Include="Resource Files">
      <UniqueIdentifier>{67DA6AB6-F800-4c08-8B7A-83BB121AAD01}</UniqueIdentifier>
      <Extensions>rc;ico;cur;bmp;dlg;rc2;rct;bin;rgs;gif;jpg;jpeg;jpe;resx;tiff;tif;png;wav;mfcribbon-ms</Extensions>
    </Filter>
    <Filter Include="Source Files\Internal">
      <UniqueIdentifier>{ac1a7914-2e18-4049-b778-cc2c974aac25}</UniqueIdentifier>
    </Filter>
    <Filter Include="Source Files\External">
      <UniqueIdentifier>{2ea109a2-2c68-4994-ad6f-4faf2c7e82b7}</UniqueIdentifier>
    </Filter>
    <Filter Include="Source Files\External\ImGui">
      <UniqueIdentifier>{2e706d5d-bf13-4e56-9fdb-4ef6a587ba85}</UniqueIdentifier>
    </Filter>
    <Filter Include="Source Files\External\ImGuizmo">
      <UniqueIdentifier>{2306cbf7-6675-427a-a36d-4fc777a72178}</UniqueIdentifier>
    </Filter>
    <Filter Include="Shaders">
      <UniqueIdentifier>{076b0f35-28e5-45d0-ba3c-e908fa947e32}</UniqueIdentifier>
    </Filter>
  </ItemGroup>
  <ItemGroup>
    <ClInclude Include="include\Allocator.h">
      <Filter>Header Files</Filter>
    </ClInclude>
    <ClInclude Include="include\AssetManager.h">
      <Filter>Header Files</Filter>
    </ClInclude>
    <ClInclude Include="include\BVH.h">
      <Filter>Header Files</Filter>
    </ClInclude>
    <ClInclude Include="include\Camera.h">
      <Filter>Header Files</Filter>
    </ClInclude>
    <ClInclude Include="include\Common.h">
      <Filter>Header Files</Filter>
    </ClInclude>
    <ClInclude Include="include\CyanAPI.h">
      <Filter>Header Files</Filter>
    </ClInclude>
    <ClInclude Include="include\CyanApp.h">
      <Filter>Header Files</Filter>
    </ClInclude>
    <ClInclude Include="include\CyanEngine.h">
      <Filter>Header Files</Filter>
    </ClInclude>
    <ClInclude Include="include\CyanPathTracer.h">
      <Filter>Header Files</Filter>
    </ClInclude>
    <ClInclude Include="include\CyanRenderer.h">
      <Filter>Header Files</Filter>
    </ClInclude>
    <ClInclude Include="include\CyanUI.h">
      <Filter>Header Files</Filter>
    </ClInclude>
    <ClInclude Include="include\Entity.h">
      <Filter>Header Files</Filter>
    </ClInclude>
    <ClInclude Include="include\Geometry.h">
      <Filter>Header Files</Filter>
    </ClInclude>
    <ClInclude Include="include\GfxContext.h">
      <Filter>Header Files</Filter>
    </ClInclude>
    <ClInclude Include="include\GraphicsSystem.h">
      <Filter>Header Files</Filter>
    </ClInclude>
    <ClInclude Include="include\Light.h">
      <Filter>Header Files</Filter>
    </ClInclude>
    <ClInclude Include="include\LightMap.h">
      <Filter>Header Files</Filter>
    </ClInclude>
    <ClInclude Include="include\LightProbe.h">
      <Filter>Header Files</Filter>
    </ClInclude>
    <ClInclude Include="include\Material.h">
      <Filter>Header Files</Filter>
    </ClInclude>
    <ClInclude Include="include\MathUtils.h">
      <Filter>Header Files</Filter>
    </ClInclude>
    <ClInclude Include="include\Mesh.h">
      <Filter>Header Files</Filter>
    </ClInclude>
    <ClInclude Include="include\Node.h">
      <Filter>Header Files</Filter>
    </ClInclude>
    <ClInclude Include="include\Plane.h">
      <Filter>Header Files</Filter>
    </ClInclude>
    <ClInclude Include="include\RenderTarget.h">
      <Filter>Header Files</Filter>
    </ClInclude>
    <ClInclude Include="include\Scene.h">
      <Filter>Header Files</Filter>
    </ClInclude>
    <ClInclude Include="include\SceneNode.h">
      <Filter>Header Files</Filter>
    </ClInclude>
    <ClInclude Include="include\Shader.h">
      <Filter>Header Files</Filter>
    </ClInclude>
    <ClInclude Include="include\Texture.h">
      <Filter>Header Files</Filter>
    </ClInclude>
    <ClInclude Include="include\Transform.h">
      <Filter>Header Files</Filter>
    </ClInclude>
    <ClInclude Include="include\Utils.h">
      <Filter>Header Files</Filter>
    </ClInclude>
    <ClInclude Include="include\VertexArray.h">
      <Filter>Header Files</Filter>
    </ClInclude>
    <ClInclude Include="include\VertexBuffer.h">
      <Filter>Header Files</Filter>
    </ClInclude>
    <ClInclude Include="include\Window.h">
      <Filter>Header Files</Filter>
    </ClInclude>
    <ClInclude Include="src\imgui\imconfig.h">
      <Filter>Source Files\External\ImGui</Filter>
    </ClInclude>
    <ClInclude Include="src\imgui\imgui.h">
      <Filter>Source Files\External\ImGui</Filter>
    </ClInclude>
    <ClInclude Include="src\imgui\imgui_impl_glfw.h">
      <Filter>Source Files\External\ImGui</Filter>
    </ClInclude>
    <ClInclude Include="src\imgui\imgui_impl_opengl3.h">
      <Filter>Source Files\External\ImGui</Filter>
    </ClInclude>
    <ClInclude Include="src\imgui\imgui_internal.h">
      <Filter>Source Files\External\ImGui</Filter>
    </ClInclude>
    <ClInclude Include="src\imgui\imstb_rectpack.h">
      <Filter>Source Files\External\ImGui</Filter>
    </ClInclude>
    <ClInclude Include="src\imgui\imstb_textedit.h">
      <Filter>Source Files\External\ImGui</Filter>
    </ClInclude>
    <ClInclude Include="src\imgui\imstb_truetype.h">
      <Filter>Source Files\External\ImGui</Filter>
    </ClInclude>
    <ClInclude Include="src\ImGuizmo\ImGuizmo.h">
      <Filter>Source Files\External\ImGuizmo</Filter>
    </ClInclude>
    <ClInclude Include="include\SkyBox.h">
      <Filter>Header Files</Filter>
    </ClInclude>
    <ClInclude Include="include\Shadow.h">
      <Filter>Header Files</Filter>
    </ClInclude>
    <ClInclude Include="PostProcess.h">
      <Filter>Header Files</Filter>
    </ClInclude>
    <ClInclude Include="include\VoxelConeTracing.h">
      <Filter>Header Files</Filter>
    </ClInclude>
    <ClInclude Include="include\IOSystem.h">
      <Filter>Header Files</Filter>
    </ClInclude>
    <ClInclude Include="include\System.h">
      <Filter>Header Files</Filter>
    </ClInclude>
    <ClInclude Include="include\Event.h">
      <Filter>Header Files</Filter>
    </ClInclude>
    <ClInclude Include="include\CyanCore.h">
      <Filter>Header Files</Filter>
    </ClInclude>
    <ClInclude Include="include\Component.h">
      <Filter>Header Files</Filter>
    </ClInclude>
    <ClInclude Include="include\RenderableScene.h">
      <Filter>Header Files</Filter>
    </ClInclude>
    <ClInclude Include="include\ShaderStorageBuffer.h">
      <Filter>Header Files</Filter>
    </ClInclude>
    <ClInclude Include="include\DirectionalLight.h">
      <Filter>Header Files</Filter>
    </ClInclude>
    <ClInclude Include="include\Asset.h">
      <Filter>Header Files</Filter>
    </ClInclude>
    <ClInclude Include="include\LightRenderable.h">
      <Filter>Header Files</Filter>
    </ClInclude>
    <ClInclude Include="include\LightComponent.h">
      <Filter>Header Files</Filter>
    </ClInclude>
    <ClInclude Include="include\PointLight.h">
      <Filter>Header Files</Filter>
    </ClInclude>
  </ItemGroup>
  <ItemGroup>
    <ClCompile Include="src\AssetManager.cpp">
      <Filter>Source Files\Internal</Filter>
    </ClCompile>
    <ClCompile Include="src\BVH.cpp">
      <Filter>Source Files\Internal</Filter>
    </ClCompile>
    <ClCompile Include="src\Camera.cpp">
      <Filter>Source Files\Internal</Filter>
    </ClCompile>
    <ClCompile Include="src\CyanAPI.cpp">
      <Filter>Source Files\Internal</Filter>
    </ClCompile>
    <ClCompile Include="src\CyanApp.cpp">
      <Filter>Source Files\Internal</Filter>
    </ClCompile>
    <ClCompile Include="src\CyanEngine.cpp">
      <Filter>Source Files\Internal</Filter>
    </ClCompile>
    <ClCompile Include="src\CyanPathTracer.cpp">
      <Filter>Source Files\Internal</Filter>
    </ClCompile>
    <ClCompile Include="src\CyanRenderer.cpp">
      <Filter>Source Files\Internal</Filter>
    </ClCompile>
    <ClCompile Include="src\Entity.cpp">
      <Filter>Source Files\Internal</Filter>
    </ClCompile>
    <ClCompile Include="src\EntryPoint.cpp">
      <Filter>Source Files\Internal</Filter>
    </ClCompile>
    <ClCompile Include="src\Geometry.cpp">
      <Filter>Source Files\Internal</Filter>
    </ClCompile>
    <ClCompile Include="src\GfxContext.cpp">
      <Filter>Source Files\Internal</Filter>
    </ClCompile>
    <ClCompile Include="src\GraphicsSystem.cpp">
      <Filter>Source Files\Internal</Filter>
    </ClCompile>
    <ClCompile Include="src\LightMap.cpp">
      <Filter>Source Files\Internal</Filter>
    </ClCompile>
    <ClCompile Include="src\LightProbe.cpp">
      <Filter>Source Files\Internal</Filter>
    </ClCompile>
    <ClCompile Include="src\Material.cpp">
      <Filter>Source Files\Internal</Filter>
    </ClCompile>
    <ClCompile Include="src\MathUtils.cpp">
      <Filter>Source Files\Internal</Filter>
    </ClCompile>
    <ClCompile Include="src\Mesh.cpp">
      <Filter>Source Files\Internal</Filter>
    </ClCompile>
    <ClCompile Include="src\RenderTarget.cpp">
      <Filter>Source Files\Internal</Filter>
    </ClCompile>
    <ClCompile Include="src\Scene.cpp">
      <Filter>Source Files\Internal</Filter>
    </ClCompile>
    <ClCompile Include="src\SceneNode.cpp">
      <Filter>Source Files\Internal</Filter>
    </ClCompile>
    <ClCompile Include="src\Shader.cpp">
      <Filter>Source Files\Internal</Filter>
    </ClCompile>
    <ClCompile Include="src\Texture.cpp">
      <Filter>Source Files\Internal</Filter>
    </ClCompile>
    <ClCompile Include="src\todos.cpp">
      <Filter>Source Files\Internal</Filter>
    </ClCompile>
    <ClCompile Include="src\Utils.cpp">
      <Filter>Source Files\Internal</Filter>
    </ClCompile>
    <ClCompile Include="src\VertexArray.cpp">
      <Filter>Source Files\Internal</Filter>
    </ClCompile>
    <ClCompile Include="src\VertexBuffer.cpp">
      <Filter>Source Files\Internal</Filter>
    </ClCompile>
    <ClCompile Include="src\Window.cpp">
      <Filter>Source Files\Internal</Filter>
    </ClCompile>
    <ClCompile Include="src\imgui\imgui.cpp">
      <Filter>Source Files\External\ImGui</Filter>
    </ClCompile>
    <ClCompile Include="src\imgui\imgui_demo.cpp">
      <Filter>Source Files\External\ImGui</Filter>
    </ClCompile>
    <ClCompile Include="src\imgui\imgui_draw.cpp">
      <Filter>Source Files\External\ImGui</Filter>
    </ClCompile>
    <ClCompile Include="src\imgui\imgui_impl_glfw.cpp">
      <Filter>Source Files\External\ImGui</Filter>
    </ClCompile>
    <ClCompile Include="src\imgui\imgui_impl_opengl3.cpp">
      <Filter>Source Files\External\ImGui</Filter>
    </ClCompile>
    <ClCompile Include="src\imgui\imgui_tables.cpp">
      <Filter>Source Files\External\ImGui</Filter>
    </ClCompile>
    <ClCompile Include="src\imgui\imgui_widgets.cpp">
      <Filter>Source Files\External\ImGui</Filter>
    </ClCompile>
    <ClCompile Include="src\ImGuizmo\ImGuizmo.cpp">
      <Filter>Source Files\External\ImGuizmo</Filter>
    </ClCompile>
    <ClCompile Include="src\SkyBox.cpp">
      <Filter>Source Files\Internal</Filter>
    </ClCompile>
    <ClCompile Include="src\CyanUI.cpp">
      <Filter>Source Files\Internal</Filter>
    </ClCompile>
    <ClCompile Include="src\Shadow.cpp">
      <Filter>Source Files\Internal</Filter>
    </ClCompile>
    <ClCompile Include="src\Ray.cpp">
      <Filter>Source Files\Internal</Filter>
    </ClCompile>
    <ClCompile Include="src\VoxelConeTracing.cpp">
      <Filter>Source Files\Internal</Filter>
    </ClCompile>
    <ClCompile Include="src\IOSystem.cpp">
      <Filter>Source Files\Internal</Filter>
    </ClCompile>
    <ClCompile Include="src\DirectionalLight.cpp">
      <Filter>Source Files\Internal</Filter>
    </ClCompile>
    <ClCompile Include="src\RenderableScene.cpp">
      <Filter>Source Files\Internal</Filter>
    </ClCompile>
    <ClCompile Include="src\LightComponent.cpp">
      <Filter>Source Files</Filter>
    </ClCompile>
  </ItemGroup>
  <ItemGroup>
    <None Include="src\ImGuizmo\LICENSE">
      <Filter>Source Files\External\ImGuizmo</Filter>
    </None>
    <None Include="..\shader\scene_depth_normal_p.glsl">
      <Filter>Shaders</Filter>
    </None>
    <None Include="..\shader\scene_depth_normal_v.glsl">
      <Filter>Shaders</Filter>
    </None>
    <None Include="..\shader\shader_ao.fs">
      <Filter>Shaders</Filter>
    </None>
    <None Include="..\shader\shader_ao.vs">
      <Filter>Shaders</Filter>
    </None>
    <None Include="..\shader\shader_blinn_phong.fs">
      <Filter>Shaders</Filter>
    </None>
    <None Include="..\shader\shader_blinn_phong.vs">
      <Filter>Shaders</Filter>
    </None>
    <None Include="..\shader\composite_p.glsl">
      <Filter>Shaders</Filter>
    </None>
    <None Include="..\shader\composite_v.glsl">
      <Filter>Shaders</Filter>
    </None>
    <None Include="..\shader\shader_bloom.fs">
      <Filter>Shaders</Filter>
    </None>
    <None Include="..\shader\shader_bloom.vs">
      <Filter>Shaders</Filter>
    </None>
    <None Include="..\shader\shader_bloom_preprocess.fs">
      <Filter>Shaders</Filter>
    </None>
    <None Include="..\shader\shader_bloom_preprocess.vs">
      <Filter>Shaders</Filter>
    </None>
    <None Include="..\shader\convolve_diffuse_p.glsl">
      <Filter>Shaders</Filter>
    </None>
    <None Include="..\shader\convolve_diffuse_v.glsl">
      <Filter>Shaders</Filter>
    </None>
    <None Include="..\shader\shader_dir_shadow.fs">
      <Filter>Shaders</Filter>
    </None>
    <None Include="..\shader\shader_dir_shadow.vs">
      <Filter>Shaders</Filter>
    </None>
    <None Include="..\shader\shader_downsample.fs">
      <Filter>Shaders</Filter>
    </None>
    <None Include="..\shader\shader_downsample.vs">
      <Filter>Shaders</Filter>
    </None>
    <None Include="..\shader\skybox_p.glsl">
      <Filter>Shaders</Filter>
    </None>
    <None Include="..\shader\skybox_v.glsl">
      <Filter>Shaders</Filter>
    </None>
    <None Include="..\shader\shader_flat_color.fs">
      <Filter>Shaders</Filter>
    </None>
    <None Include="..\shader\shader_flat_color.vs">
      <Filter>Shaders</Filter>
    </None>
    <None Include="..\shader\shader_gaussian_blur.fs">
      <Filter>Shaders</Filter>
    </None>
    <None Include="..\shader\shader_gaussian_blur.vs">
      <Filter>Shaders</Filter>
    </None>
    <None Include="..\shader\render_to_cubemap_p.glsl">
      <Filter>Shaders</Filter>
    </None>
    <None Include="..\shader\render_to_cubemap_v.glsl">
      <Filter>Shaders</Filter>
    </None>
    <None Include="..\shader\shader_grid_texture.fs">
      <Filter>Shaders</Filter>
    </None>
    <None Include="..\shader\shader_grid_texture.vs">
      <Filter>Shaders</Filter>
    </None>
    <None Include="..\shader\shader_integrate_brdf.fs">
      <Filter>Shaders</Filter>
    </None>
    <None Include="..\shader\shader_integrate_brdf.vs">
      <Filter>Shaders</Filter>
    </None>
    <None Include="..\shader\shader_light.fs">
      <Filter>Shaders</Filter>
    </None>
    <None Include="..\shader\shader_light.vs">
      <Filter>Shaders</Filter>
    </None>
    <None Include="..\shader\shader_lightmap.fs">
      <Filter>Shaders</Filter>
    </None>
    <None Include="..\shader\shader_lightmap.vs">
      <Filter>Shaders</Filter>
    </None>
    <None Include="..\shader\shader_line.fs">
      <Filter>Shaders</Filter>
    </None>
    <None Include="..\shader\shader_line.vs">
      <Filter>Shaders</Filter>
    </None>
    <None Include="..\shader\shader_line2d.fs">
      <Filter>Shaders</Filter>
    </None>
    <None Include="..\shader\shader_line2d.vs">
      <Filter>Shaders</Filter>
    </None>
    <None Include="..\shader\shader_lumin_histogram_c.glsl">
      <Filter>Shaders</Filter>
    </None>
    <None Include="..\shader\shader_oct_mapping.fs">
      <Filter>Shaders</Filter>
    </None>
    <None Include="..\shader\shader_oct_mapping.vs">
      <Filter>Shaders</Filter>
    </None>
    <None Include="..\shader\pbs_p.glsl">
      <Filter>Shaders</Filter>
    </None>
    <None Include="..\shader\pbs_v.glsl">
      <Filter>Shaders</Filter>
    </None>
    <None Include="..\shader\convolve_specular_p.glsl">
      <Filter>Shaders</Filter>
    </None>
    <None Include="..\shader\convolve_specular_v.glsl">
      <Filter>Shaders</Filter>
    </None>
    <None Include="..\shader\shader_quad.fs">
      <Filter>Shaders</Filter>
    </None>
    <None Include="..\shader\shader_quad.vs">
      <Filter>Shaders</Filter>
    </None>
    <None Include="..\shader\shader_ray_tracing.fs">
      <Filter>Shaders</Filter>
    </None>
    <None Include="..\shader\shader_ray_tracing.vs">
      <Filter>Shaders</Filter>
    </None>
    <None Include="..\shader\shader_render_probe.fs">
      <Filter>Shaders</Filter>
    </None>
    <None Include="..\shader\shader_render_probe.vs">
      <Filter>Shaders</Filter>
    </None>
    <None Include="..\shader\shader_render_voxel.fs">
      <Filter>Shaders</Filter>
    </None>
    <None Include="..\shader\shader_render_voxel.vs">
      <Filter>Shaders</Filter>
    </None>
    <None Include="..\shader\sky_sdf_p.glsl">
      <Filter>Shaders</Filter>
    </None>
    <None Include="..\shader\sky_sdf_v.glsl">
      <Filter>Shaders</Filter>
    </None>
    <None Include="..\shader\shader_test.glsl">
      <Filter>Shaders</Filter>
    </None>
    <None Include="..\shader\blit_p.glsl">
      <Filter>Shaders</Filter>
    </None>
    <None Include="..\shader\blit_v.glsl">
      <Filter>Shaders</Filter>
    </None>
    <None Include="..\shader\shader_upsample.fs">
      <Filter>Shaders</Filter>
    </None>
    <None Include="..\shader\shader_upsample.vs">
      <Filter>Shaders</Filter>
    </None>
    <None Include="..\shader\voxelize_g.glsl">
      <Filter>Shaders</Filter>
    </None>
    <None Include="..\shader\voxelize_v.glsl">
      <Filter>Shaders</Filter>
    </None>
    <None Include="..\shader\sky_irradiance_c.glsl">
      <Filter>Shaders</Filter>
    </None>
    <None Include="..\shader\debug_color_fs.glsl">
      <Filter>Shaders</Filter>
    </None>
    <None Include="..\shader\debug_color_vs.glsl">
      <Filter>Shaders</Filter>
    </None>
    <None Include="..\shader\global_buffers.glsl">
      <Filter>Shaders</Filter>
    </None>
    <None Include="..\shader\voxelize_p.glsl">
      <Filter>Shaders</Filter>
    </None>
    <None Include="..\shader\voxel_vis_v.glsl">
      <Filter>Shaders</Filter>
    </None>
    <None Include="..\shader\voxel_vis_g.glsl">
      <Filter>Shaders</Filter>
    </None>
    <None Include="..\shader\voxel_vis_p.glsl">
      <Filter>Shaders</Filter>
    </None>
    <None Include="..\shader\cone_vis_g.glsl">
      <Filter>Shaders</Filter>
    </None>
    <None Include="..\shader\cone_vis_p.glsl">
      <Filter>Shaders</Filter>
    </None>
    <None Include="..\shader\cone_vis_v.glsl">
      <Filter>Shaders</Filter>
    </None>
    <None Include="..\shader\cone_vis_c.glsl">
      <Filter>Shaders</Filter>
    </None>
    <None Include="..\shader\vctx_filter_c.glsl">
      <Filter>Shaders</Filter>
    </None>
    <None Include="..\shader\vctx_p.glsl">
      <Filter>Shaders</Filter>
    </None>
    <None Include="..\shader\vctx_v.glsl">
      <Filter>Shaders</Filter>
    </None>
    <None Include="..\shader\voxelize_resolve_c.glsl">
      <Filter>Shaders</Filter>
    </None>
    <None Include="..\shader\lights.glsl">
      <Filter>Shaders</Filter>
    </None>
  </ItemGroup>
</Project>