<?xml version="1.0" encoding="utf-8"?>
<Project ToolsVersion="4.0" xmlns="http://schemas.microsoft.com/developer/msbuild/2003">
  <ItemGroup>
    <ClInclude Include="Code\Public\Header\Camera.h" />
    <ClInclude Include="Code\Public\Header\GameFramework.h" />
    <ClInclude Include="Code\Public\Header\World.h" />
  </ItemGroup>
  <ItemGroup>
    <ClCompile Include="Code\Public\Source\Camera.cpp" />
    <ClCompile Include="Code\Public\Source\World.cpp" />
  </ItemGroup>
</Project>