<?xml version="1.0" encoding="utf-8"?>
<Project ToolsVersion="4.0" xmlns="http://schemas.microsoft.com/developer/msbuild/2003">
  <ItemGroup>
    <ClCompile Include="EngineApp.cpp" />
    <ClCompile Include="Apps\RayMarchingHeightField\RayMarchingHeightField.cpp" />
    <ClCompile Include="Apps\Demo\DemoApp.cpp" />
    <ClCompile Include="Apps\SimpleParticles\SimpleParticles.cpp" />
    <ClCompile Include="Apps\ParallaxOcclusionMapping\ParallaxOcclusionMapping.cpp" />
    <ClCompile Include="Apps\VoxelBasedGI\VoxelBasedGI.cpp" />
    <ClCompile Include="Apps\VoxelBasedGI\SparseVoxelOctreeDemo.cpp" />
  </ItemGroup>
  <ItemGroup>
    <ClInclude Include="Apps\RayMarchingHeightField\RayMarchingHeightField.h" />
    <ClInclude Include="Apps\Demo\DemoApp.h" />
    <ClInclude Include="Apps\RayMarchingHeightField\Shader\restir_ao_debug_ray_c.glsl" />
    <ClInclude Include="Apps\SimpleParticles\SimpleParticles.h" />
    <ClInclude Include="Apps\ParallaxOcclusionMapping\ParallaxOcclusionMapping.h" />
    <ClInclude Include="Apps\VoxelBasedGI\VoxelBasedGI.h" />
    <ClInclude Include="Apps\VoxelBasedGI\SparseVoxelOctreeDemo.h" />
  </ItemGroup>
  <ItemGroup>
    <None Include="Apps\RayMarchingHeightField\Resources\Scene.glb" />
    <None Include="Apps\RayMarchingHeightField\Shader\raymarching_heightfield_p.glsl" />
    <None Include="Apps\RayMarchingHeightField\Materials\M_RayMarchedHeightField_p.glsl" />
    <None Include="Apps\RayMarchingHeightField\Shader\generate_heightfield_p.glsl" />
    <None Include="Apps\RayMarchingHeightField\Shader\bake_heightfield_properties_p.glsl" />
    <None Include="Apps\RayMarchingHeightField\Shader\build_heightfield_quadtree_p.glsl" />
    <None Include="Apps\RayMarchingHeightField\Shader\hierarchical_raymarching_depth_p.glsl" />
    <None Include="Apps\RayMarchingHeightField\Shader\hierarchical_raymarching_normal_p.glsl" />
    <None Include="Apps\RayMarchingHeightField\Shader\hierarchical_raymarching_lighting_p.glsl" />
    <None Include="Apps\RayMarchingHeightField\Shader\restir_ao_temporal_p.glsl" />
    <None Include="Apps\RayMarchingHeightField\Shader\restir_ao_resolve_p.glsl" />
    <None Include="Apps\RayMarchingHeightField\Shader\restir_ao_debug_p.glsl" />
    <None Include="Apps\RayMarchingHeightField\Shader\debug_hierarchical_raymarching_c.glsl" />
    <None Include="Apps\SimpleParticles\Shader\point_sprite_particle_p.glsl" />
    <None Include="Apps\SimpleParticles\Shader\particle_p.glsl" />
    <None Include="Apps\SimpleParticles\Shader\build_particle_sprite_p.glsl" />
    <None Include="Apps\SimpleParticles\Shader\generate_bounding_cube_g.glsl" />
    <None Include="Apps\SimpleParticles\Shader\cube_particle_p.glsl" />
    <None Include="Apps\ParallaxOcclusionMapping\Resources\Materials\M_BrickWall_p.glsl" />
    <None Include="Apps\ParallaxOcclusionMapping\Resources\Materials\M_SwimmingTile_p.glsl" />
    <None Include="Apps\ParallaxOcclusionMapping\Resources\Materials\M_POM_p.glsl" />
    <None Include="Apps\VoxelBasedGI\Shader\voxelize_scene_g.glsl" />
    <None Include="Apps\VoxelBasedGI\Shader\voxelize_scene_v.glsl" />
    <None Include="Apps\VoxelBasedGI\Shader\voxelize_scene_p.glsl" />
    <None Include="Apps\VoxelBasedGI\Shader\raymarching_dense_voxelgrid_p.glsl" />
    <None Include="Apps\VoxelBasedGI\Shader\voxel_based_ao_p.glsl" />
    <None Include="Apps\VoxelBasedGI\Shader\screen_space_traces_p.glsl" />
    <None Include="Apps\VoxelBasedGI\Shader\hybrid_voxel_based_ao_p.glsl" />
    <None Include="Apps\VoxelBasedGI\Shader\build_hierarchical_voxel_grid_c.glsl" />
    <None Include="Apps\VoxelBasedGI\Shader\voxel_based_raytracing_p.glsl" />
    <None Include="Apps\VoxelBasedGI\Shader\build_voxel_grid_attributes_c.glsl" />
    <None Include="Apps\VoxelBasedGI\Shader\build_irradiance_cache_c.glsl" />
    <None Include="Apps\VoxelBasedGI\Shader\visualize_voxel_grid_p.glsl" />
    <None Include="Apps\VoxelBasedGI\Shader\render_irradiance_p.glsl" />
    <None Include="Apps\VoxelBasedGI\Shader\hybrid_voxel_based_raytracing_p.glsl" />
    <None Include="Apps\VoxelBasedGI\Shader\visualize_voxels_v.glsl" />
    <None Include="Apps\VoxelBasedGI\Shader\visualize_voxels_g.glsl" />
    <None Include="Apps\VoxelBasedGI\Shader\visualize_voxels_p.glsl" />
    <None Include="Apps\VoxelBasedGI\Shader\visualize_screen_space_ray_v.glsl" />
    <None Include="Apps\VoxelBasedGI\Shader\visualize_screen_space_ray_g.glsl" />
    <None Include="Apps\VoxelBasedGI\Shader\visualize_screen_space_ray_p.glsl" />
    <None Include="Apps\VoxelBasedGI\Shader\visualize_screen_space_ray_start_end_g.glsl" />
    <None Include="Apps\VoxelBasedGI\Shader\copy_texture_3d_c.glsl" />
    <None Include="Apps\VoxelBasedGI\Shader\cone_tracing_primary_view_p.glsl" />
    <None Include="Apps\VoxelBasedGI\Shader\visualize_cone_trace_v.glsl" />
    <None Include="Apps\VoxelBasedGI\Shader\visualize_cone_trace_g.glsl" />
    <None Include="Apps\VoxelBasedGI\Shader\visualize_cone_trace_p.glsl" />
    <None Include="Apps\VoxelBasedGI\Shader\cone_traced_diffuse_gi_p.glsl" />
    <None Include="Apps\VoxelBasedGI\Shader\draw_cone_v.glsl" />
    <None Include="Apps\VoxelBasedGI\Shader\draw_cone_p.glsl" />
    <None Include="Apps\VoxelBasedGI\Shader\draw_cone_c.glsl" />
    <None Include="Apps\VoxelBasedGI\Shader\hybrid_voxel_based_diffuse_gi_p.glsl" />
    <None Include="Apps\VoxelBasedGI\Shader\SVO\build_voxel_fragment_list_p.glsl" />
    <None Include="Apps\VoxelBasedGI\Shader\visualize_voxel_fragments_v.glsl" />
    <None Include="Apps\VoxelBasedGI\Shader\visualize_voxel_fragments_p.glsl" />
    <None Include="Apps\VoxelBasedGI\Shader\svo_packed_mark_subdivision_c.glsl" />
    <None Include="Apps\VoxelBasedGI\Shader\svo_packed_allocate_nodes_c.glsl" />
    <None Include="Apps\VoxelBasedGI\Shader\visualize_packed_svo_v.glsl" />
    <None Include="Apps\VoxelBasedGI\Shader\SVO\visualize_svo_g.glsl" />
    <None Include="Apps\VoxelBasedGI\Shader\SVO\visualize_svo_p.glsl" />
    <None Include="Apps\VoxelBasedGI\Shader\SVO\raymarching_svo_p.glsl" />
    <None Include="Apps\VoxelBasedGI\Shader\visualize_packed_svo_leaf_v.glsl" />
    <None Include="Apps\VoxelBasedGI\Shader\SVO\visualize_svo_leaf_g.glsl" />
    <None Include="Apps\VoxelBasedGI\Shader\SVO\visualize_svo_leaf_p.glsl" />
    <None Include="Apps\VoxelBasedGI\Shader\SVO\svo_mark_subdivision_c.glsl" />
    <None Include="Apps\VoxelBasedGI\Shader\SVO\svo_allocate_nodes_c.glsl" />
    <None Include="Apps\VoxelBasedGI\Shader\SVO\visualize_svo_v.glsl" />
    <None Include="Apps\VoxelBasedGI\Shader\SVO\visualize_svo_leaf_v.glsl" />
    <None Include="Apps\VoxelBasedGI\Shader\svo_build_leaf_node_voxel_fragment_linked_list_c.glsl" />
    <None Include="Apps\VoxelBasedGI\Shader\svo_clear_per_leaf_semaphore_c.glsl" />
    <None Include="Apps\VoxelBasedGI\Shader\SVO\svo_accumulate_voxel_data_c.glsl" />
    <None Include="Apps\VoxelBasedGI\Shader\SVO\svo_resolve_voxel_data_c.glsl" />
    <None Include="Apps\VoxelBasedGI\Shader\SVO\count_voxel_fragment_p.glsl" />
    <None Include="Apps\VoxelBasedGI\Shader\SVO\svo_count_new_nodes_c.glsl" />
    <None Include="Apps\VoxelBasedGI\Shader\SVO\svo_accumulate_direct_lighting_c.glsl" />
    <None Include="Apps\VoxelBasedGI\Shader\SVO\render_indirect_lighting_p.glsl" />
    <None Include="Apps\VoxelBasedGI\Shader\SVO\svo_render_direct_lighting_p.glsl" />
    <None Include="Apps\VoxelBasedGI\Shader\SVO\combine_lighting_p.glsl" />
  </ItemGroup>
</Project>