<?xml version="1.0" encoding="utf-8"?>
<Project ToolsVersion="4.0" xmlns="http://schemas.microsoft.com/developer/msbuild/2003">
  <ItemGroup>
    <ClCompile Include="EngineApp.cpp" />
    <ClCompile Include="Apps\RayMarchingHeightField\RayMarchingHeightField.cpp" />
    <ClCompile Include="Apps\Demo\DemoApp.cpp" />
  </ItemGroup>
  <ItemGroup>
    <ClInclude Include="Apps\RayMarchingHeightField\RayMarchingHeightField.h" />
    <ClInclude Include="Apps\Demo\DemoApp.h" />
  </ItemGroup>
  <ItemGroup>
    <None Include="Apps\RayMarchingHeightField\Resources\Scene.glb" />
    <None Include="Apps\RayMarchingHeightField\Shader\raymarching_heightfield_p.glsl" />
    <None Include="Apps\RayMarchingHeightField\Materials\M_RayMarchedHeightField_p.glsl" />
    <None Include="Apps\RayMarchingHeightField\Shader\generate_heightfield_p.glsl" />
    <None Include="Apps\RayMarchingHeightField\Shader\bake_heightfield_properties_p.glsl" />
    <None Include="Apps\RayMarchingHeightField\Shader\build_heightfield_quadtree_p.glsl" />
    <None Include="Apps\RayMarchingHeightField\Shader\debug_hierarchical_raymarching_c.glsl" />
  </ItemGroup>
</Project>