<?xml version="1.0" encoding="utf-8"?>
<Project ToolsVersion="4.0" xmlns="http://schemas.microsoft.com/developer/msbuild/2003">
  <ItemGroup>
    <ClInclude Include="GfxHardwareAbstraction\OpenGL\GLBuffer.h" />
    <ClInclude Include="GfxHardwareAbstraction\GHInterface\GHBuffer.h" />
    <ClInclude Include="GfxHardwareAbstraction\GHInterface\GHTexture.h" />
    <ClInclude Include="Code\Public\GfxInterface.h" />
    <ClInclude Include="Code\Private\Scene.h" />
    <ClInclude Include="Code\Private\SceneRender.h" />
    <ClInclude Include="Code\Private\SceneRenderer.h" />
    <ClInclude Include="GfxHardwareAbstraction\GHInterface\GHShader.h" />
    <ClInclude Include="GfxHardwareAbstraction\GHInterface\GHPipeline.h" />
    <ClInclude Include="GfxHardwareAbstraction\GHInterface\GfxHardwareContext.h" />
    <ClInclude Include="GfxHardwareAbstraction\OpenGL\GLContext.h" />
    <ClInclude Include="GfxHardwareAbstraction\OpenGL\GLObject.h" />
    <ClInclude Include="GfxHardwareAbstraction\OpenGL\GLShader.h" />
    <ClInclude Include="Code\Public\GfxModule.h" />
    <ClInclude Include="GfxHardwareAbstraction\OpenGL\GLPipeline.h" />
    <ClInclude Include="GfxHardwareAbstraction\Shader.h" />
    <ClInclude Include="GfxHardwareAbstraction\GfxContext.h" />
    <ClInclude Include="Code\Private\RenderPass.h" />
    <ClInclude Include="GfxHardwareAbstraction\OpenGL\GLTexture.h" />
    <ClInclude Include="GfxHardwareAbstraction\GHInterface\GHFramebuffer.h" />
    <ClInclude Include="GfxHardwareAbstraction\OpenGL\GLFramebuffer.h" />
    <ClInclude Include="Code\Public\AssetManager.h" />
    <ClInclude Include="Code\Public\Asset.h" />
    <ClInclude Include="Code\Public\StaticMesh.h" />
    <ClInclude Include="Code\Private\gltf.h" />
    <ClInclude Include="Code\Public\Gfx.h" />
    <ClInclude Include="Code\Public\GfxStaticMesh.h" />
    <ClInclude Include="GfxHardwareAbstraction\OpenGL\GLStaticMesh.h" />
  </ItemGroup>
  <ItemGroup>
    <ClCompile Include="GfxHardwareAbstraction\GHInterface\GHBuffer.cpp" />
    <ClCompile Include="GfxHardwareAbstraction\GHInterface\GHTexture.cpp" />
    <ClCompile Include="Code\Private\Scene.cpp" />
    <ClCompile Include="Code\Private\SceneRenderer.cpp" />
    <ClCompile Include="Code\Public\GfxInterface.cpp" />
    <ClCompile Include="GfxHardwareAbstraction\OpenGL\GLBuffer.cpp" />
    <ClCompile Include="GfxHardwareAbstraction\GHInterface\GfxHardwareContext.cpp" />
    <ClCompile Include="GfxHardwareAbstraction\OpenGL\GLContext.cpp" />
    <ClCompile Include="GfxHardwareAbstraction\OpenGL\GLShader.cpp" />
    <ClCompile Include="GfxHardwareAbstraction\OpenGL\GLPipeline.cpp" />
    <ClCompile Include="GfxHardwareAbstraction\Shader.cpp" />
    <ClCompile Include="GfxHardwareAbstraction\GfxContext.cpp" />
    <ClCompile Include="Code\Private\RenderPass.cpp" />
    <ClCompile Include="GfxHardwareAbstraction\OpenGL\GLTexture.cpp" />
    <ClCompile Include="GfxHardwareAbstraction\GHInterface\GHFramebuffer.cpp" />
    <ClCompile Include="GfxHardwareAbstraction\OpenGL\GLFramebuffer.cpp" />
    <ClCompile Include="Code\Public\StaticMesh.cpp" />
    <ClCompile Include="Code\Public\AssetManager.cpp" />
    <ClCompile Include="Code\Private\gltf.cpp" />
    <ClCompile Include="Code\Public\GfxModule.cpp" />
    <ClCompile Include="Code\Public\GfxStaticMesh.cpp" />
    <ClCompile Include="GfxHardwareAbstraction\OpenGL\GLStaticMesh.cpp" />
  </ItemGroup>
</Project>