<?xml version="1.0" encoding="utf-8"?>
<Project ToolsVersion="4.0" xmlns="http://schemas.microsoft.com/developer/msbuild/2003">
  <ItemGroup>
    <ClInclude Include="GfxHardwareAbstraction\OpenGL\GLBuffer.h" />
    <ClInclude Include="GfxHardwareAbstraction\GHInterface\GHBuffer.h" />
    <ClInclude Include="GfxHardwareAbstraction\GHInterface\GHTexture.h" />
    <ClInclude Include="Code\Public\Header\GfxInterface.h" />
    <ClInclude Include="Code\Private\Header\Scene.h" />
    <ClInclude Include="Code\Private\Header\SceneRender.h" />
    <ClInclude Include="Code\Private\Header\SceneRenderer.h" />
    <ClInclude Include="GfxHardwareAbstraction\GHInterface\GHShader.h" />
    <ClInclude Include="GfxHardwareAbstraction\GHInterface\GHPipeline.h" />
    <ClInclude Include="GfxHardwareAbstraction\GHInterface\GfxHardwareContext.h" />
    <ClInclude Include="GfxHardwareAbstraction\OpenGL\GLContext.h" />
    <ClInclude Include="GfxHardwareAbstraction\OpenGL\GLObject.h" />
    <ClInclude Include="GfxHardwareAbstraction\OpenGL\GLShader.h" />
    <ClInclude Include="Code\Public\Header\Gfx.h" />
    <ClInclude Include="GfxHardwareAbstraction\OpenGL\GLPipeline.h" />
  </ItemGroup>
  <ItemGroup>
    <ClCompile Include="GfxHardwareAbstraction\GHInterface\GHBuffer.cpp" />
    <ClCompile Include="GfxHardwareAbstraction\GHInterface\GHTexture.cpp" />
    <ClCompile Include="Code\Private\Source\Scene.cpp" />
    <ClCompile Include="Code\Private\Source\SceneRenderer.cpp" />
    <ClCompile Include="Code\Public\Source\GfxInterface.cpp" />
    <ClCompile Include="GfxHardwareAbstraction\OpenGL\GLBuffer.cpp" />
    <ClCompile Include="GfxHardwareAbstraction\GHInterface\GfxHardwareContext.cpp" />
    <ClCompile Include="GfxHardwareAbstraction\OpenGL\GLContext.cpp" />
    <ClCompile Include="GfxHardwareAbstraction\OpenGL\GLShader.cpp" />
    <ClCompile Include="GfxHardwareAbstraction\OpenGL\GLPipeline.cpp" />
  </ItemGroup>
</Project>